
Microsoft Visual Studio Solution File, Format Version 12.00
# Visual Studio 15
VisualStudioVersion = 15.0.27130.2036
MinimumVisualStudioVersion = 10.0.40219.1
Project("{8BC9CEB8-8B4A-11D0-8D11-00A0C91BC942}") = "http_server", "vcproj\vs2017_linux\http_server.vcxproj", "{089FAB50-0F45-4C08-B5D3-0ADE668AB9AA}"
EndProject
Project("{8BC9CEB8-8B4A-11D0-8D11-00A0C91BC942}") = "tcp_server_character", "vcproj\vs2017_linux\tcp_server_character.vcxproj", "{4FD1C11E-74A9-43C8-BA04-0C6B0025CB10}"
EndProject
Project("{8BC9CEB8-8B4A-11D0-8D11-00A0C91BC942}") = "tcp_server_custom", "vcproj\vs2017_linux\tcp_server_custom.vcxproj", "{93E8AF17-2A13-4D4F-8ECA-4A93E1C140D7}"
EndProject
Project("{8BC9CEB8-8B4A-11D0-8D11-00A0C91BC942}") = "tcp_server_datagram", "vcproj\vs2017_linux\tcp_server_datagram.vcxproj", "{A39FF8FC-73F6-4A26-8114-8FB453E7CD61}"
EndProject
Project("{8BC9CEB8-8B4A-11D0-8D11-00A0C91BC942}") = "tcp_server_general", "vcproj\vs2017_linux\tcp_server_general.vcxproj", "{9561F183-ED2A-4F3A-B8C6-695867120651}"
EndProject
Project("{8BC9CEB8-8B4A-11D0-8D11-00A0C91BC942}") = "udp_server", "vcproj\vs2017_linux\udp_server.vcxproj", "{4DAE6A01-816C-469F-BD67-A369175B8F4A}"
EndProject
Project("{8BC9CEB8-8B4A-11D0-8D11-00A0C91BC942}") = "udp_server_kcp", "vcproj\vs2017_linux\udp_server_kcp.vcxproj", "{7C07806A-F030-4C8D-9642-47DE0A34CA6B}"
EndProject
Project("{8BC9CEB8-8B4A-11D0-8D11-00A0C91BC942}") = "websocket_server", "vcproj\vs2017_linux\websocket_server.vcxproj", "{FEB7782E-3683-4D17-A53C-FCC5ACE83D50}"
EndProject
Project("{8BC9CEB8-8B4A-11D0-8D11-00A0C91BC942}") = "rpc_server", "vcproj\vs2017_linux\rpc_server.vcxproj", "{28AE6265-240C-49E8-9E9C-A7030D468843}"
EndProject
Project("{8BC9CEB8-8B4A-11D0-8D11-00A0C91BC942}") = "ssl_http_server", "vcproj\vs2017_linux\ssl_http_server.vcxproj", "{87E0EFCC-12D4-4B3A-9364-88E35B7EBA2E}"
EndProject
Project("{8BC9CEB8-8B4A-11D0-8D11-00A0C91BC942}") = "ssl_rpc_server", "vcproj\vs2017_linux\ssl_rpc_server.vcxproj", "{14696DD8-F7F0-4F63-A76D-F6D3D0CAB587}"
EndProject
Project("{8BC9CEB8-8B4A-11D0-8D11-00A0C91BC942}") = "ssl_tcp_server_custom", "vcproj\vs2017_linux\ssl_tcp_server_custom.vcxproj", "{2C50600D-0681-45F1-B239-F76FA10F710B}"
EndProject
Project("{8BC9CEB8-8B4A-11D0-8D11-00A0C91BC942}") = "ssl_tcp_server_general", "vcproj\vs2017_linux\ssl_tcp_server_general.vcxproj", "{6A9B0278-514A-4CCC-8C46-AEE6FDF4FF9F}"
EndProject
Project("{8BC9CEB8-8B4A-11D0-8D11-00A0C91BC942}") = "ssl_websocket_server", "vcproj\vs2017_linux\ssl_websocket_server.vcxproj", "{2DFFCB2F-A7AC-4853-A5FE-F3B155050A00}"
EndProject
Global
	GlobalSection(SolutionConfigurationPlatforms) = preSolution
		Debug|ARM = Debug|ARM
		Debug|x64 = Debug|x64
		Debug|x86 = Debug|x86
		Release|ARM = Release|ARM
		Release|x64 = Release|x64
		Release|x86 = Release|x86
	EndGlobalSection
	GlobalSection(ProjectConfigurationPlatforms) = postSolution
		{089FAB50-0F45-4C08-B5D3-0ADE668AB9AA}.Debug|ARM.ActiveCfg = Debug|ARM
		{089FAB50-0F45-4C08-B5D3-0ADE668AB9AA}.Debug|ARM.Build.0 = Debug|ARM
		{089FAB50-0F45-4C08-B5D3-0ADE668AB9AA}.Debug|x64.ActiveCfg = Debug|x64
		{089FAB50-0F45-4C08-B5D3-0ADE668AB9AA}.Debug|x64.Build.0 = Debug|x64
		{089FAB50-0F45-4C08-B5D3-0ADE668AB9AA}.Debug|x86.ActiveCfg = Debug|x86
		{089FAB50-0F45-4C08-B5D3-0ADE668AB9AA}.Debug|x86.Build.0 = Debug|x86
		{089FAB50-0F45-4C08-B5D3-0ADE668AB9AA}.Release|ARM.ActiveCfg = Release|ARM
		{089FAB50-0F45-4C08-B5D3-0ADE668AB9AA}.Release|ARM.Build.0 = Release|ARM
		{089FAB50-0F45-4C08-B5D3-0ADE668AB9AA}.Release|x64.ActiveCfg = Release|x64
		{089FAB50-0F45-4C08-B5D3-0ADE668AB9AA}.Release|x64.Build.0 = Release|x64
		{089FAB50-0F45-4C08-B5D3-0ADE668AB9AA}.Release|x86.ActiveCfg = Release|x86
		{089FAB50-0F45-4C08-B5D3-0ADE668AB9AA}.Release|x86.Build.0 = Release|x86
		{4FD1C11E-74A9-43C8-BA04-0C6B0025CB10}.Debug|ARM.ActiveCfg = Debug|ARM
		{4FD1C11E-74A9-43C8-BA04-0C6B0025CB10}.Debug|ARM.Build.0 = Debug|ARM
		{4FD1C11E-74A9-43C8-BA04-0C6B0025CB10}.Debug|x64.ActiveCfg = Debug|x64
		{4FD1C11E-74A9-43C8-BA04-0C6B0025CB10}.Debug|x64.Build.0 = Debug|x64
		{4FD1C11E-74A9-43C8-BA04-0C6B0025CB10}.Debug|x86.ActiveCfg = Debug|x86
		{4FD1C11E-74A9-43C8-BA04-0C6B0025CB10}.Debug|x86.Build.0 = Debug|x86
		{4FD1C11E-74A9-43C8-BA04-0C6B0025CB10}.Release|ARM.ActiveCfg = Release|ARM
		{4FD1C11E-74A9-43C8-BA04-0C6B0025CB10}.Release|ARM.Build.0 = Release|ARM
		{4FD1C11E-74A9-43C8-BA04-0C6B0025CB10}.Release|x64.ActiveCfg = Release|x64
		{4FD1C11E-74A9-43C8-BA04-0C6B0025CB10}.Release|x64.Build.0 = Release|x64
		{4FD1C11E-74A9-43C8-BA04-0C6B0025CB10}.Release|x86.ActiveCfg = Release|x86
		{4FD1C11E-74A9-43C8-BA04-0C6B0025CB10}.Release|x86.Build.0 = Release|x86
		{93E8AF17-2A13-4D4F-8ECA-4A93E1C140D7}.Debug|ARM.ActiveCfg = Debug|ARM
		{93E8AF17-2A13-4D4F-8ECA-4A93E1C140D7}.Debug|ARM.Build.0 = Debug|ARM
		{93E8AF17-2A13-4D4F-8ECA-4A93E1C140D7}.Debug|x64.ActiveCfg = Debug|x64
		{93E8AF17-2A13-4D4F-8ECA-4A93E1C140D7}.Debug|x64.Build.0 = Debug|x64
		{93E8AF17-2A13-4D4F-8ECA-4A93E1C140D7}.Debug|x86.ActiveCfg = Debug|x86
		{93E8AF17-2A13-4D4F-8ECA-4A93E1C140D7}.Debug|x86.Build.0 = Debug|x86
		{93E8AF17-2A13-4D4F-8ECA-4A93E1C140D7}.Release|ARM.ActiveCfg = Release|ARM
		{93E8AF17-2A13-4D4F-8ECA-4A93E1C140D7}.Release|ARM.Build.0 = Release|ARM
		{93E8AF17-2A13-4D4F-8ECA-4A93E1C140D7}.Release|x64.ActiveCfg = Release|x64
		{93E8AF17-2A13-4D4F-8ECA-4A93E1C140D7}.Release|x64.Build.0 = Release|x64
		{93E8AF17-2A13-4D4F-8ECA-4A93E1C140D7}.Release|x86.ActiveCfg = Release|x86
		{93E8AF17-2A13-4D4F-8ECA-4A93E1C140D7}.Release|x86.Build.0 = Release|x86
		{A39FF8FC-73F6-4A26-8114-8FB453E7CD61}.Debug|ARM.ActiveCfg = Debug|ARM
		{A39FF8FC-73F6-4A26-8114-8FB453E7CD61}.Debug|ARM.Build.0 = Debug|ARM
		{A39FF8FC-73F6-4A26-8114-8FB453E7CD61}.Debug|x64.ActiveCfg = Debug|x64
		{A39FF8FC-73F6-4A26-8114-8FB453E7CD61}.Debug|x64.Build.0 = Debug|x64
		{A39FF8FC-73F6-4A26-8114-8FB453E7CD61}.Debug|x86.ActiveCfg = Debug|x86
		{A39FF8FC-73F6-4A26-8114-8FB453E7CD61}.Debug|x86.Build.0 = Debug|x86
		{A39FF8FC-73F6-4A26-8114-8FB453E7CD61}.Release|ARM.ActiveCfg = Release|ARM
		{A39FF8FC-73F6-4A26-8114-8FB453E7CD61}.Release|ARM.Build.0 = Release|ARM
		{A39FF8FC-73F6-4A26-8114-8FB453E7CD61}.Release|x64.ActiveCfg = Release|x64
		{A39FF8FC-73F6-4A26-8114-8FB453E7CD61}.Release|x64.Build.0 = Release|x64
		{A39FF8FC-73F6-4A26-8114-8FB453E7CD61}.Release|x86.ActiveCfg = Release|x86
		{A39FF8FC-73F6-4A26-8114-8FB453E7CD61}.Release|x86.Build.0 = Release|x86
		{9561F183-ED2A-4F3A-B8C6-695867120651}.Debug|ARM.ActiveCfg = Debug|ARM
		{9561F183-ED2A-4F3A-B8C6-695867120651}.Debug|ARM.Build.0 = Debug|ARM
		{9561F183-ED2A-4F3A-B8C6-695867120651}.Debug|x64.ActiveCfg = Debug|x64
		{9561F183-ED2A-4F3A-B8C6-695867120651}.Debug|x64.Build.0 = Debug|x64
		{9561F183-ED2A-4F3A-B8C6-695867120651}.Debug|x86.ActiveCfg = Debug|x86
		{9561F183-ED2A-4F3A-B8C6-695867120651}.Debug|x86.Build.0 = Debug|x86
		{9561F183-ED2A-4F3A-B8C6-695867120651}.Release|ARM.ActiveCfg = Release|ARM
		{9561F183-ED2A-4F3A-B8C6-695867120651}.Release|ARM.Build.0 = Release|ARM
		{9561F183-ED2A-4F3A-B8C6-695867120651}.Release|x64.ActiveCfg = Release|x64
		{9561F183-ED2A-4F3A-B8C6-695867120651}.Release|x64.Build.0 = Release|x64
		{9561F183-ED2A-4F3A-B8C6-695867120651}.Release|x86.ActiveCfg = Release|x86
		{9561F183-ED2A-4F3A-B8C6-695867120651}.Release|x86.Build.0 = Release|x86
		{4DAE6A01-816C-469F-BD67-A369175B8F4A}.Debug|ARM.ActiveCfg = Debug|ARM
		{4DAE6A01-816C-469F-BD67-A369175B8F4A}.Debug|ARM.Build.0 = Debug|ARM
		{4DAE6A01-816C-469F-BD67-A369175B8F4A}.Debug|x64.ActiveCfg = Debug|x64
		{4DAE6A01-816C-469F-BD67-A369175B8F4A}.Debug|x64.Build.0 = Debug|x64
		{4DAE6A01-816C-469F-BD67-A369175B8F4A}.Debug|x86.ActiveCfg = Debug|x86
		{4DAE6A01-816C-469F-BD67-A369175B8F4A}.Debug|x86.Build.0 = Debug|x86
		{4DAE6A01-816C-469F-BD67-A369175B8F4A}.Release|ARM.ActiveCfg = Release|ARM
		{4DAE6A01-816C-469F-BD67-A369175B8F4A}.Release|ARM.Build.0 = Release|ARM
		{4DAE6A01-816C-469F-BD67-A369175B8F4A}.Release|x64.ActiveCfg = Release|x64
		{4DAE6A01-816C-469F-BD67-A369175B8F4A}.Release|x64.Build.0 = Release|x64
		{4DAE6A01-816C-469F-BD67-A369175B8F4A}.Release|x86.ActiveCfg = Release|x86
		{4DAE6A01-816C-469F-BD67-A369175B8F4A}.Release|x86.Build.0 = Release|x86
		{7C07806A-F030-4C8D-9642-47DE0A34CA6B}.Debug|ARM.ActiveCfg = Debug|ARM
		{7C07806A-F030-4C8D-9642-47DE0A34CA6B}.Debug|ARM.Build.0 = Debug|ARM
		{7C07806A-F030-4C8D-9642-47DE0A34CA6B}.Debug|x64.ActiveCfg = Debug|x64
		{7C07806A-F030-4C8D-9642-47DE0A34CA6B}.Debug|x64.Build.0 = Debug|x64
		{7C07806A-F030-4C8D-9642-47DE0A34CA6B}.Debug|x86.ActiveCfg = Debug|x86
		{7C07806A-F030-4C8D-9642-47DE0A34CA6B}.Debug|x86.Build.0 = Debug|x86
		{7C07806A-F030-4C8D-9642-47DE0A34CA6B}.Release|ARM.ActiveCfg = Release|ARM
		{7C07806A-F030-4C8D-9642-47DE0A34CA6B}.Release|ARM.Build.0 = Release|ARM
		{7C07806A-F030-4C8D-9642-47DE0A34CA6B}.Release|x64.ActiveCfg = Release|x64
		{7C07806A-F030-4C8D-9642-47DE0A34CA6B}.Release|x64.Build.0 = Release|x64
		{7C07806A-F030-4C8D-9642-47DE0A34CA6B}.Release|x86.ActiveCfg = Release|x86
		{7C07806A-F030-4C8D-9642-47DE0A34CA6B}.Release|x86.Build.0 = Release|x86
		{FEB7782E-3683-4D17-A53C-FCC5ACE83D50}.Debug|ARM.ActiveCfg = Debug|ARM
		{FEB7782E-3683-4D17-A53C-FCC5ACE83D50}.Debug|ARM.Build.0 = Debug|ARM
		{FEB7782E-3683-4D17-A53C-FCC5ACE83D50}.Debug|x64.ActiveCfg = Debug|x64
		{FEB7782E-3683-4D17-A53C-FCC5ACE83D50}.Debug|x64.Build.0 = Debug|x64
		{FEB7782E-3683-4D17-A53C-FCC5ACE83D50}.Debug|x86.ActiveCfg = Debug|x86
		{FEB7782E-3683-4D17-A53C-FCC5ACE83D50}.Debug|x86.Build.0 = Debug|x86
		{FEB7782E-3683-4D17-A53C-FCC5ACE83D50}.Release|ARM.ActiveCfg = Release|ARM
		{FEB7782E-3683-4D17-A53C-FCC5ACE83D50}.Release|ARM.Build.0 = Release|ARM
		{FEB7782E-3683-4D17-A53C-FCC5ACE83D50}.Release|x64.ActiveCfg = Release|x64
		{FEB7782E-3683-4D17-A53C-FCC5ACE83D50}.Release|x64.Build.0 = Release|x64
		{FEB7782E-3683-4D17-A53C-FCC5ACE83D50}.Release|x86.ActiveCfg = Release|x86
		{FEB7782E-3683-4D17-A53C-FCC5ACE83D50}.Release|x86.Build.0 = Release|x86
		{28AE6265-240C-49E8-9E9C-A7030D468843}.Debug|ARM.ActiveCfg = Debug|ARM
		{28AE6265-240C-49E8-9E9C-A7030D468843}.Debug|ARM.Build.0 = Debug|ARM
		{28AE6265-240C-49E8-9E9C-A7030D468843}.Debug|x64.ActiveCfg = Debug|x64
		{28AE6265-240C-49E8-9E9C-A7030D468843}.Debug|x64.Build.0 = Debug|x64
		{28AE6265-240C-49E8-9E9C-A7030D468843}.Debug|x86.ActiveCfg = Debug|x86
		{28AE6265-240C-49E8-9E9C-A7030D468843}.Debug|x86.Build.0 = Debug|x86
		{28AE6265-240C-49E8-9E9C-A7030D468843}.Release|ARM.ActiveCfg = Release|ARM
		{28AE6265-240C-49E8-9E9C-A7030D468843}.Release|ARM.Build.0 = Release|ARM
		{28AE6265-240C-49E8-9E9C-A7030D468843}.Release|x64.ActiveCfg = Release|x64
		{28AE6265-240C-49E8-9E9C-A7030D468843}.Release|x64.Build.0 = Release|x64
		{28AE6265-240C-49E8-9E9C-A7030D468843}.Release|x86.ActiveCfg = Release|x86
		{28AE6265-240C-49E8-9E9C-A7030D468843}.Release|x86.Build.0 = Release|x86
		{87E0EFCC-12D4-4B3A-9364-88E35B7EBA2E}.Debug|ARM.ActiveCfg = Debug|ARM
		{87E0EFCC-12D4-4B3A-9364-88E35B7EBA2E}.Debug|ARM.Build.0 = Debug|ARM
		{87E0EFCC-12D4-4B3A-9364-88E35B7EBA2E}.Debug|x64.ActiveCfg = Debug|x64
		{87E0EFCC-12D4-4B3A-9364-88E35B7EBA2E}.Debug|x64.Build.0 = Debug|x64
		{87E0EFCC-12D4-4B3A-9364-88E35B7EBA2E}.Debug|x86.ActiveCfg = Debug|x86
		{87E0EFCC-12D4-4B3A-9364-88E35B7EBA2E}.Debug|x86.Build.0 = Debug|x86
		{87E0EFCC-12D4-4B3A-9364-88E35B7EBA2E}.Release|ARM.ActiveCfg = Release|ARM
		{87E0EFCC-12D4-4B3A-9364-88E35B7EBA2E}.Release|ARM.Build.0 = Release|ARM
		{87E0EFCC-12D4-4B3A-9364-88E35B7EBA2E}.Release|x64.ActiveCfg = Release|x64
		{87E0EFCC-12D4-4B3A-9364-88E35B7EBA2E}.Release|x64.Build.0 = Release|x64
		{87E0EFCC-12D4-4B3A-9364-88E35B7EBA2E}.Release|x86.ActiveCfg = Release|x86
		{87E0EFCC-12D4-4B3A-9364-88E35B7EBA2E}.Release|x86.Build.0 = Release|x86
		{14696DD8-F7F0-4F63-A76D-F6D3D0CAB587}.Debug|ARM.ActiveCfg = Debug|ARM
		{14696DD8-F7F0-4F63-A76D-F6D3D0CAB587}.Debug|ARM.Build.0 = Debug|ARM
		{14696DD8-F7F0-4F63-A76D-F6D3D0CAB587}.Debug|x64.ActiveCfg = Debug|x64
		{14696DD8-F7F0-4F63-A76D-F6D3D0CAB587}.Debug|x64.Build.0 = Debug|x64
		{14696DD8-F7F0-4F63-A76D-F6D3D0CAB587}.Debug|x86.ActiveCfg = Debug|x86
		{14696DD8-F7F0-4F63-A76D-F6D3D0CAB587}.Debug|x86.Build.0 = Debug|x86
		{14696DD8-F7F0-4F63-A76D-F6D3D0CAB587}.Release|ARM.ActiveCfg = Release|ARM
		{14696DD8-F7F0-4F63-A76D-F6D3D0CAB587}.Release|ARM.Build.0 = Release|ARM
		{14696DD8-F7F0-4F63-A76D-F6D3D0CAB587}.Release|x64.ActiveCfg = Release|x64
		{14696DD8-F7F0-4F63-A76D-F6D3D0CAB587}.Release|x64.Build.0 = Release|x64
		{14696DD8-F7F0-4F63-A76D-F6D3D0CAB587}.Release|x86.ActiveCfg = Release|x86
		{14696DD8-F7F0-4F63-A76D-F6D3D0CAB587}.Release|x86.Build.0 = Release|x86
		{2C50600D-0681-45F1-B239-F76FA10F710B}.Debug|ARM.ActiveCfg = Debug|ARM
		{2C50600D-0681-45F1-B239-F76FA10F710B}.Debug|ARM.Build.0 = Debug|ARM
		{2C50600D-0681-45F1-B239-F76FA10F710B}.Debug|x64.ActiveCfg = Debug|x64
		{2C50600D-0681-45F1-B239-F76FA10F710B}.Debug|x64.Build.0 = Debug|x64
		{2C50600D-0681-45F1-B239-F76FA10F710B}.Debug|x86.ActiveCfg = Debug|x86
		{2C50600D-0681-45F1-B239-F76FA10F710B}.Debug|x86.Build.0 = Debug|x86
		{2C50600D-0681-45F1-B239-F76FA10F710B}.Release|ARM.ActiveCfg = Release|ARM
		{2C50600D-0681-45F1-B239-F76FA10F710B}.Release|ARM.Build.0 = Release|ARM
		{2C50600D-0681-45F1-B239-F76FA10F710B}.Release|x64.ActiveCfg = Release|x64
		{2C50600D-0681-45F1-B239-F76FA10F710B}.Release|x64.Build.0 = Release|x64
		{2C50600D-0681-45F1-B239-F76FA10F710B}.Release|x86.ActiveCfg = Release|x86
		{2C50600D-0681-45F1-B239-F76FA10F710B}.Release|x86.Build.0 = Release|x86
		{6A9B0278-514A-4CCC-8C46-AEE6FDF4FF9F}.Debug|ARM.ActiveCfg = Debug|ARM
		{6A9B0278-514A-4CCC-8C46-AEE6FDF4FF9F}.Debug|ARM.Build.0 = Debug|ARM
		{6A9B0278-514A-4CCC-8C46-AEE6FDF4FF9F}.Debug|x64.ActiveCfg = Debug|x64
		{6A9B0278-514A-4CCC-8C46-AEE6FDF4FF9F}.Debug|x64.Build.0 = Debug|x64
		{6A9B0278-514A-4CCC-8C46-AEE6FDF4FF9F}.Debug|x86.ActiveCfg = Debug|x86
		{6A9B0278-514A-4CCC-8C46-AEE6FDF4FF9F}.Debug|x86.Build.0 = Debug|x86
		{6A9B0278-514A-4CCC-8C46-AEE6FDF4FF9F}.Release|ARM.ActiveCfg = Release|ARM
		{6A9B0278-514A-4CCC-8C46-AEE6FDF4FF9F}.Release|ARM.Build.0 = Release|ARM
		{6A9B0278-514A-4CCC-8C46-AEE6FDF4FF9F}.Release|x64.ActiveCfg = Release|x64
		{6A9B0278-514A-4CCC-8C46-AEE6FDF4FF9F}.Release|x64.Build.0 = Release|x64
		{6A9B0278-514A-4CCC-8C46-AEE6FDF4FF9F}.Release|x86.ActiveCfg = Release|x86
		{6A9B0278-514A-4CCC-8C46-AEE6FDF4FF9F}.Release|x86.Build.0 = Release|x86
		{2DFFCB2F-A7AC-4853-A5FE-F3B155050A00}.Debug|ARM.ActiveCfg = Debug|ARM
		{2DFFCB2F-A7AC-4853-A5FE-F3B155050A00}.Debug|ARM.Build.0 = Debug|ARM
		{2DFFCB2F-A7AC-4853-A5FE-F3B155050A00}.Debug|x64.ActiveCfg = Debug|x64
		{2DFFCB2F-A7AC-4853-A5FE-F3B155050A00}.Debug|x64.Build.0 = Debug|x64
		{2DFFCB2F-A7AC-4853-A5FE-F3B155050A00}.Debug|x86.ActiveCfg = Debug|x86
		{2DFFCB2F-A7AC-4853-A5FE-F3B155050A00}.Debug|x86.Build.0 = Debug|x86
		{2DFFCB2F-A7AC-4853-A5FE-F3B155050A00}.Release|ARM.ActiveCfg = Release|ARM
		{2DFFCB2F-A7AC-4853-A5FE-F3B155050A00}.Release|ARM.Build.0 = Release|ARM
		{2DFFCB2F-A7AC-4853-A5FE-F3B155050A00}.Release|x64.ActiveCfg = Release|x64
		{2DFFCB2F-A7AC-4853-A5FE-F3B155050A00}.Release|x64.Build.0 = Release|x64
		{2DFFCB2F-A7AC-4853-A5FE-F3B155050A00}.Release|x86.ActiveCfg = Release|x86
		{2DFFCB2F-A7AC-4853-A5FE-F3B155050A00}.Release|x86.Build.0 = Release|x86
	EndGlobalSection
	GlobalSection(SolutionProperties) = preSolution
		HideSolutionNode = FALSE
	EndGlobalSection
	GlobalSection(ExtensibilityGlobals) = postSolution
		SolutionGuid = {179FE6D0-A1E4-4406-8CB5-03F2D4F9F962}
	EndGlobalSection
EndGlobal
