
Microsoft Visual Studio Solution File, Format Version 12.00
# Visual Studio 15
VisualStudioVersion = 15.0.26430.4
MinimumVisualStudioVersion = 10.0.40219.1
Project("{8BC9CEB8-8B4A-11D0-8D11-00A0C91BC942}") = "http_client", "vcproj\vs2017_linux\http_client.vcxproj", "{5295C1F4-440E-4191-AB7E-3A4EFBF27717}"
EndProject
Project("{8BC9CEB8-8B4A-11D0-8D11-00A0C91BC942}") = "tcp_client_character", "vcproj\vs2017_linux\tcp_client_character.vcxproj", "{217CF490-E91E-4286-9045-5305364A711B}"
EndProject
Project("{8BC9CEB8-8B4A-11D0-8D11-00A0C91BC942}") = "tcp_client_custom", "vcproj\vs2017_linux\tcp_client_custom.vcxproj", "{4E454A8B-6626-4977-83EB-717C7738DDB9}"
EndProject
Project("{8BC9CEB8-8B4A-11D0-8D11-00A0C91BC942}") = "tcp_client_datagram", "vcproj\vs2017_linux\tcp_client_datagram.vcxproj", "{A7EEFDE8-22C7-4D8C-86A9-132B4746C98E}"
EndProject
Project("{8BC9CEB8-8B4A-11D0-8D11-00A0C91BC942}") = "tcp_client_general", "vcproj\vs2017_linux\tcp_client_general.vcxproj", "{CEAC3326-8E9F-4B88-9A03-2521B2422EE4}"
EndProject
Project("{8BC9CEB8-8B4A-11D0-8D11-00A0C91BC942}") = "udp_client", "vcproj\vs2017_linux\udp_client.vcxproj", "{B23C6488-6BC7-43C6-9396-F1AFD84D67F5}"
EndProject
Project("{8BC9CEB8-8B4A-11D0-8D11-00A0C91BC942}") = "udp_client_kcp", "vcproj\vs2017_linux\udp_client_kcp.vcxproj", "{D1DB8F07-E264-458D-B4D1-F4ACCE6342E0}"
EndProject
Project("{8BC9CEB8-8B4A-11D0-8D11-00A0C91BC942}") = "websocket_client", "vcproj\vs2017_linux\websocket_client.vcxproj", "{799F6AAB-5156-41CE-BE85-E9DCF85A3F15}"
EndProject
Project("{8BC9CEB8-8B4A-11D0-8D11-00A0C91BC942}") = "rpc_client", "vcproj\vs2017_linux\rpc_client.vcxproj", "{FD89BAD9-482A-4EA6-9A00-AD138CE51022}"
EndProject
Project("{8BC9CEB8-8B4A-11D0-8D11-00A0C91BC942}") = "ssl_http_client", "vcproj\vs2017_linux\ssl_http_client.vcxproj", "{785B6CAE-E17B-4489-9D07-A981FC8C9444}"
EndProject
Project("{8BC9CEB8-8B4A-11D0-8D11-00A0C91BC942}") = "ssl_rpc_client", "vcproj\vs2017_linux\ssl_rpc_client.vcxproj", "{27F44744-FC84-47BF-AD18-EA131D24F3F5}"
EndProject
Project("{8BC9CEB8-8B4A-11D0-8D11-00A0C91BC942}") = "ssl_tcp_client_custom", "vcproj\vs2017_linux\ssl_tcp_client_custom.vcxproj", "{64CF38F8-A844-4F07-B085-80BB6E357CA9}"
EndProject
Project("{8BC9CEB8-8B4A-11D0-8D11-00A0C91BC942}") = "ssl_tcp_client_general", "vcproj\vs2017_linux\ssl_tcp_client_general.vcxproj", "{314D76EF-4CD8-433F-A4CF-0405BD99479A}"
EndProject
Project("{8BC9CEB8-8B4A-11D0-8D11-00A0C91BC942}") = "ssl_websocket_client", "vcproj\vs2017_linux\ssl_websocket_client.vcxproj", "{674B488E-1366-4E30-B0ED-A6A2350C75F0}"
EndProject
Project("{8BC9CEB8-8B4A-11D0-8D11-00A0C91BC942}") = "icmp_ping", "vcproj\vs2017_linux\icmp_ping.vcxproj", "{5C2A6965-929C-4368-BCD0-0226CFBB614C}"
EndProject
Project("{8BC9CEB8-8B4A-11D0-8D11-00A0C91BC942}") = "serial_port", "vcproj\vs2017_linux\serial_port.vcxproj", "{2E86C988-A054-4340-B856-D95939F03754}"
EndProject
Project("{8BC9CEB8-8B4A-11D0-8D11-00A0C91BC942}") = "udp_cast", "vcproj\vs2017_linux\udp_cast.vcxproj", "{132F5AE7-EE28-49C6-94BF-9326A2A463E5}"
EndProject
Global
	GlobalSection(SolutionConfigurationPlatforms) = preSolution
		Debug|ARM = Debug|ARM
		Debug|x64 = Debug|x64
		Debug|x86 = Debug|x86
		Release|ARM = Release|ARM
		Release|x64 = Release|x64
		Release|x86 = Release|x86
	EndGlobalSection
	GlobalSection(ProjectConfigurationPlatforms) = postSolution
		{5295C1F4-440E-4191-AB7E-3A4EFBF27717}.Debug|ARM.ActiveCfg = Debug|ARM
		{5295C1F4-440E-4191-AB7E-3A4EFBF27717}.Debug|ARM.Build.0 = Debug|ARM
		{5295C1F4-440E-4191-AB7E-3A4EFBF27717}.Debug|x64.ActiveCfg = Debug|x64
		{5295C1F4-440E-4191-AB7E-3A4EFBF27717}.Debug|x64.Build.0 = Debug|x64
		{5295C1F4-440E-4191-AB7E-3A4EFBF27717}.Debug|x86.ActiveCfg = Debug|x86
		{5295C1F4-440E-4191-AB7E-3A4EFBF27717}.Debug|x86.Build.0 = Debug|x86
		{5295C1F4-440E-4191-AB7E-3A4EFBF27717}.Release|ARM.ActiveCfg = Release|ARM
		{5295C1F4-440E-4191-AB7E-3A4EFBF27717}.Release|ARM.Build.0 = Release|ARM
		{5295C1F4-440E-4191-AB7E-3A4EFBF27717}.Release|x64.ActiveCfg = Release|x64
		{5295C1F4-440E-4191-AB7E-3A4EFBF27717}.Release|x64.Build.0 = Release|x64
		{5295C1F4-440E-4191-AB7E-3A4EFBF27717}.Release|x86.ActiveCfg = Release|x86
		{5295C1F4-440E-4191-AB7E-3A4EFBF27717}.Release|x86.Build.0 = Release|x86
		{217CF490-E91E-4286-9045-5305364A711B}.Debug|ARM.ActiveCfg = Debug|ARM
		{217CF490-E91E-4286-9045-5305364A711B}.Debug|ARM.Build.0 = Debug|ARM
		{217CF490-E91E-4286-9045-5305364A711B}.Debug|x64.ActiveCfg = Debug|x64
		{217CF490-E91E-4286-9045-5305364A711B}.Debug|x64.Build.0 = Debug|x64
		{217CF490-E91E-4286-9045-5305364A711B}.Debug|x86.ActiveCfg = Debug|x86
		{217CF490-E91E-4286-9045-5305364A711B}.Debug|x86.Build.0 = Debug|x86
		{217CF490-E91E-4286-9045-5305364A711B}.Release|ARM.ActiveCfg = Release|ARM
		{217CF490-E91E-4286-9045-5305364A711B}.Release|ARM.Build.0 = Release|ARM
		{217CF490-E91E-4286-9045-5305364A711B}.Release|x64.ActiveCfg = Release|x64
		{217CF490-E91E-4286-9045-5305364A711B}.Release|x64.Build.0 = Release|x64
		{217CF490-E91E-4286-9045-5305364A711B}.Release|x86.ActiveCfg = Release|x86
		{217CF490-E91E-4286-9045-5305364A711B}.Release|x86.Build.0 = Release|x86
		{4E454A8B-6626-4977-83EB-717C7738DDB9}.Debug|ARM.ActiveCfg = Debug|ARM
		{4E454A8B-6626-4977-83EB-717C7738DDB9}.Debug|ARM.Build.0 = Debug|ARM
		{4E454A8B-6626-4977-83EB-717C7738DDB9}.Debug|x64.ActiveCfg = Debug|x64
		{4E454A8B-6626-4977-83EB-717C7738DDB9}.Debug|x64.Build.0 = Debug|x64
		{4E454A8B-6626-4977-83EB-717C7738DDB9}.Debug|x86.ActiveCfg = Debug|x86
		{4E454A8B-6626-4977-83EB-717C7738DDB9}.Debug|x86.Build.0 = Debug|x86
		{4E454A8B-6626-4977-83EB-717C7738DDB9}.Release|ARM.ActiveCfg = Release|ARM
		{4E454A8B-6626-4977-83EB-717C7738DDB9}.Release|ARM.Build.0 = Release|ARM
		{4E454A8B-6626-4977-83EB-717C7738DDB9}.Release|x64.ActiveCfg = Release|x64
		{4E454A8B-6626-4977-83EB-717C7738DDB9}.Release|x64.Build.0 = Release|x64
		{4E454A8B-6626-4977-83EB-717C7738DDB9}.Release|x86.ActiveCfg = Release|x86
		{4E454A8B-6626-4977-83EB-717C7738DDB9}.Release|x86.Build.0 = Release|x86
		{A7EEFDE8-22C7-4D8C-86A9-132B4746C98E}.Debug|ARM.ActiveCfg = Debug|ARM
		{A7EEFDE8-22C7-4D8C-86A9-132B4746C98E}.Debug|ARM.Build.0 = Debug|ARM
		{A7EEFDE8-22C7-4D8C-86A9-132B4746C98E}.Debug|x64.ActiveCfg = Debug|x64
		{A7EEFDE8-22C7-4D8C-86A9-132B4746C98E}.Debug|x64.Build.0 = Debug|x64
		{A7EEFDE8-22C7-4D8C-86A9-132B4746C98E}.Debug|x86.ActiveCfg = Debug|x86
		{A7EEFDE8-22C7-4D8C-86A9-132B4746C98E}.Debug|x86.Build.0 = Debug|x86
		{A7EEFDE8-22C7-4D8C-86A9-132B4746C98E}.Release|ARM.ActiveCfg = Release|ARM
		{A7EEFDE8-22C7-4D8C-86A9-132B4746C98E}.Release|ARM.Build.0 = Release|ARM
		{A7EEFDE8-22C7-4D8C-86A9-132B4746C98E}.Release|x64.ActiveCfg = Release|x64
		{A7EEFDE8-22C7-4D8C-86A9-132B4746C98E}.Release|x64.Build.0 = Release|x64
		{A7EEFDE8-22C7-4D8C-86A9-132B4746C98E}.Release|x86.ActiveCfg = Release|x86
		{A7EEFDE8-22C7-4D8C-86A9-132B4746C98E}.Release|x86.Build.0 = Release|x86
		{CEAC3326-8E9F-4B88-9A03-2521B2422EE4}.Debug|ARM.ActiveCfg = Debug|ARM
		{CEAC3326-8E9F-4B88-9A03-2521B2422EE4}.Debug|ARM.Build.0 = Debug|ARM
		{CEAC3326-8E9F-4B88-9A03-2521B2422EE4}.Debug|x64.ActiveCfg = Debug|x64
		{CEAC3326-8E9F-4B88-9A03-2521B2422EE4}.Debug|x64.Build.0 = Debug|x64
		{CEAC3326-8E9F-4B88-9A03-2521B2422EE4}.Debug|x86.ActiveCfg = Debug|x86
		{CEAC3326-8E9F-4B88-9A03-2521B2422EE4}.Debug|x86.Build.0 = Debug|x86
		{CEAC3326-8E9F-4B88-9A03-2521B2422EE4}.Release|ARM.ActiveCfg = Release|ARM
		{CEAC3326-8E9F-4B88-9A03-2521B2422EE4}.Release|ARM.Build.0 = Release|ARM
		{CEAC3326-8E9F-4B88-9A03-2521B2422EE4}.Release|x64.ActiveCfg = Release|x64
		{CEAC3326-8E9F-4B88-9A03-2521B2422EE4}.Release|x64.Build.0 = Release|x64
		{CEAC3326-8E9F-4B88-9A03-2521B2422EE4}.Release|x86.ActiveCfg = Release|x86
		{CEAC3326-8E9F-4B88-9A03-2521B2422EE4}.Release|x86.Build.0 = Release|x86
		{B23C6488-6BC7-43C6-9396-F1AFD84D67F5}.Debug|ARM.ActiveCfg = Debug|ARM
		{B23C6488-6BC7-43C6-9396-F1AFD84D67F5}.Debug|ARM.Build.0 = Debug|ARM
		{B23C6488-6BC7-43C6-9396-F1AFD84D67F5}.Debug|x64.ActiveCfg = Debug|x64
		{B23C6488-6BC7-43C6-9396-F1AFD84D67F5}.Debug|x64.Build.0 = Debug|x64
		{B23C6488-6BC7-43C6-9396-F1AFD84D67F5}.Debug|x86.ActiveCfg = Debug|x86
		{B23C6488-6BC7-43C6-9396-F1AFD84D67F5}.Debug|x86.Build.0 = Debug|x86
		{B23C6488-6BC7-43C6-9396-F1AFD84D67F5}.Release|ARM.ActiveCfg = Release|ARM
		{B23C6488-6BC7-43C6-9396-F1AFD84D67F5}.Release|ARM.Build.0 = Release|ARM
		{B23C6488-6BC7-43C6-9396-F1AFD84D67F5}.Release|x64.ActiveCfg = Release|x64
		{B23C6488-6BC7-43C6-9396-F1AFD84D67F5}.Release|x64.Build.0 = Release|x64
		{B23C6488-6BC7-43C6-9396-F1AFD84D67F5}.Release|x86.ActiveCfg = Release|x86
		{B23C6488-6BC7-43C6-9396-F1AFD84D67F5}.Release|x86.Build.0 = Release|x86
		{D1DB8F07-E264-458D-B4D1-F4ACCE6342E0}.Debug|ARM.ActiveCfg = Debug|ARM
		{D1DB8F07-E264-458D-B4D1-F4ACCE6342E0}.Debug|ARM.Build.0 = Debug|ARM
		{D1DB8F07-E264-458D-B4D1-F4ACCE6342E0}.Debug|x64.ActiveCfg = Debug|x64
		{D1DB8F07-E264-458D-B4D1-F4ACCE6342E0}.Debug|x64.Build.0 = Debug|x64
		{D1DB8F07-E264-458D-B4D1-F4ACCE6342E0}.Debug|x86.ActiveCfg = Debug|x86
		{D1DB8F07-E264-458D-B4D1-F4ACCE6342E0}.Debug|x86.Build.0 = Debug|x86
		{D1DB8F07-E264-458D-B4D1-F4ACCE6342E0}.Release|ARM.ActiveCfg = Release|ARM
		{D1DB8F07-E264-458D-B4D1-F4ACCE6342E0}.Release|ARM.Build.0 = Release|ARM
		{D1DB8F07-E264-458D-B4D1-F4ACCE6342E0}.Release|x64.ActiveCfg = Release|x64
		{D1DB8F07-E264-458D-B4D1-F4ACCE6342E0}.Release|x64.Build.0 = Release|x64
		{D1DB8F07-E264-458D-B4D1-F4ACCE6342E0}.Release|x86.ActiveCfg = Release|x86
		{D1DB8F07-E264-458D-B4D1-F4ACCE6342E0}.Release|x86.Build.0 = Release|x86
		{799F6AAB-5156-41CE-BE85-E9DCF85A3F15}.Debug|ARM.ActiveCfg = Debug|ARM
		{799F6AAB-5156-41CE-BE85-E9DCF85A3F15}.Debug|ARM.Build.0 = Debug|ARM
		{799F6AAB-5156-41CE-BE85-E9DCF85A3F15}.Debug|x64.ActiveCfg = Debug|x64
		{799F6AAB-5156-41CE-BE85-E9DCF85A3F15}.Debug|x64.Build.0 = Debug|x64
		{799F6AAB-5156-41CE-BE85-E9DCF85A3F15}.Debug|x86.ActiveCfg = Debug|x86
		{799F6AAB-5156-41CE-BE85-E9DCF85A3F15}.Debug|x86.Build.0 = Debug|x86
		{799F6AAB-5156-41CE-BE85-E9DCF85A3F15}.Release|ARM.ActiveCfg = Release|ARM
		{799F6AAB-5156-41CE-BE85-E9DCF85A3F15}.Release|ARM.Build.0 = Release|ARM
		{799F6AAB-5156-41CE-BE85-E9DCF85A3F15}.Release|x64.ActiveCfg = Release|x64
		{799F6AAB-5156-41CE-BE85-E9DCF85A3F15}.Release|x64.Build.0 = Release|x64
		{799F6AAB-5156-41CE-BE85-E9DCF85A3F15}.Release|x86.ActiveCfg = Release|x86
		{799F6AAB-5156-41CE-BE85-E9DCF85A3F15}.Release|x86.Build.0 = Release|x86
		{FD89BAD9-482A-4EA6-9A00-AD138CE51022}.Debug|ARM.ActiveCfg = Debug|ARM
		{FD89BAD9-482A-4EA6-9A00-AD138CE51022}.Debug|ARM.Build.0 = Debug|ARM
		{FD89BAD9-482A-4EA6-9A00-AD138CE51022}.Debug|x64.ActiveCfg = Debug|x64
		{FD89BAD9-482A-4EA6-9A00-AD138CE51022}.Debug|x64.Build.0 = Debug|x64
		{FD89BAD9-482A-4EA6-9A00-AD138CE51022}.Debug|x86.ActiveCfg = Debug|x86
		{FD89BAD9-482A-4EA6-9A00-AD138CE51022}.Debug|x86.Build.0 = Debug|x86
		{FD89BAD9-482A-4EA6-9A00-AD138CE51022}.Release|ARM.ActiveCfg = Release|ARM
		{FD89BAD9-482A-4EA6-9A00-AD138CE51022}.Release|ARM.Build.0 = Release|ARM
		{FD89BAD9-482A-4EA6-9A00-AD138CE51022}.Release|x64.ActiveCfg = Release|x64
		{FD89BAD9-482A-4EA6-9A00-AD138CE51022}.Release|x64.Build.0 = Release|x64
		{FD89BAD9-482A-4EA6-9A00-AD138CE51022}.Release|x86.ActiveCfg = Release|x86
		{FD89BAD9-482A-4EA6-9A00-AD138CE51022}.Release|x86.Build.0 = Release|x86
		{785B6CAE-E17B-4489-9D07-A981FC8C9444}.Debug|ARM.ActiveCfg = Debug|ARM
		{785B6CAE-E17B-4489-9D07-A981FC8C9444}.Debug|ARM.Build.0 = Debug|ARM
		{785B6CAE-E17B-4489-9D07-A981FC8C9444}.Debug|x64.ActiveCfg = Debug|x64
		{785B6CAE-E17B-4489-9D07-A981FC8C9444}.Debug|x64.Build.0 = Debug|x64
		{785B6CAE-E17B-4489-9D07-A981FC8C9444}.Debug|x86.ActiveCfg = Debug|x86
		{785B6CAE-E17B-4489-9D07-A981FC8C9444}.Debug|x86.Build.0 = Debug|x86
		{785B6CAE-E17B-4489-9D07-A981FC8C9444}.Release|ARM.ActiveCfg = Release|ARM
		{785B6CAE-E17B-4489-9D07-A981FC8C9444}.Release|ARM.Build.0 = Release|ARM
		{785B6CAE-E17B-4489-9D07-A981FC8C9444}.Release|x64.ActiveCfg = Release|x64
		{785B6CAE-E17B-4489-9D07-A981FC8C9444}.Release|x64.Build.0 = Release|x64
		{785B6CAE-E17B-4489-9D07-A981FC8C9444}.Release|x86.ActiveCfg = Release|x86
		{785B6CAE-E17B-4489-9D07-A981FC8C9444}.Release|x86.Build.0 = Release|x86
		{27F44744-FC84-47BF-AD18-EA131D24F3F5}.Debug|ARM.ActiveCfg = Debug|ARM
		{27F44744-FC84-47BF-AD18-EA131D24F3F5}.Debug|ARM.Build.0 = Debug|ARM
		{27F44744-FC84-47BF-AD18-EA131D24F3F5}.Debug|x64.ActiveCfg = Debug|x64
		{27F44744-FC84-47BF-AD18-EA131D24F3F5}.Debug|x64.Build.0 = Debug|x64
		{27F44744-FC84-47BF-AD18-EA131D24F3F5}.Debug|x86.ActiveCfg = Debug|x86
		{27F44744-FC84-47BF-AD18-EA131D24F3F5}.Debug|x86.Build.0 = Debug|x86
		{27F44744-FC84-47BF-AD18-EA131D24F3F5}.Release|ARM.ActiveCfg = Release|ARM
		{27F44744-FC84-47BF-AD18-EA131D24F3F5}.Release|ARM.Build.0 = Release|ARM
		{27F44744-FC84-47BF-AD18-EA131D24F3F5}.Release|x64.ActiveCfg = Release|x64
		{27F44744-FC84-47BF-AD18-EA131D24F3F5}.Release|x64.Build.0 = Release|x64
		{27F44744-FC84-47BF-AD18-EA131D24F3F5}.Release|x86.ActiveCfg = Release|x86
		{27F44744-FC84-47BF-AD18-EA131D24F3F5}.Release|x86.Build.0 = Release|x86
		{64CF38F8-A844-4F07-B085-80BB6E357CA9}.Debug|ARM.ActiveCfg = Debug|ARM
		{64CF38F8-A844-4F07-B085-80BB6E357CA9}.Debug|ARM.Build.0 = Debug|ARM
		{64CF38F8-A844-4F07-B085-80BB6E357CA9}.Debug|x64.ActiveCfg = Debug|x64
		{64CF38F8-A844-4F07-B085-80BB6E357CA9}.Debug|x64.Build.0 = Debug|x64
		{64CF38F8-A844-4F07-B085-80BB6E357CA9}.Debug|x86.ActiveCfg = Debug|x86
		{64CF38F8-A844-4F07-B085-80BB6E357CA9}.Debug|x86.Build.0 = Debug|x86
		{64CF38F8-A844-4F07-B085-80BB6E357CA9}.Release|ARM.ActiveCfg = Release|ARM
		{64CF38F8-A844-4F07-B085-80BB6E357CA9}.Release|ARM.Build.0 = Release|ARM
		{64CF38F8-A844-4F07-B085-80BB6E357CA9}.Release|x64.ActiveCfg = Release|x64
		{64CF38F8-A844-4F07-B085-80BB6E357CA9}.Release|x64.Build.0 = Release|x64
		{64CF38F8-A844-4F07-B085-80BB6E357CA9}.Release|x86.ActiveCfg = Release|x86
		{64CF38F8-A844-4F07-B085-80BB6E357CA9}.Release|x86.Build.0 = Release|x86
		{314D76EF-4CD8-433F-A4CF-0405BD99479A}.Debug|ARM.ActiveCfg = Debug|ARM
		{314D76EF-4CD8-433F-A4CF-0405BD99479A}.Debug|ARM.Build.0 = Debug|ARM
		{314D76EF-4CD8-433F-A4CF-0405BD99479A}.Debug|x64.ActiveCfg = Debug|x64
		{314D76EF-4CD8-433F-A4CF-0405BD99479A}.Debug|x64.Build.0 = Debug|x64
		{314D76EF-4CD8-433F-A4CF-0405BD99479A}.Debug|x86.ActiveCfg = Debug|x86
		{314D76EF-4CD8-433F-A4CF-0405BD99479A}.Debug|x86.Build.0 = Debug|x86
		{314D76EF-4CD8-433F-A4CF-0405BD99479A}.Release|ARM.ActiveCfg = Release|ARM
		{314D76EF-4CD8-433F-A4CF-0405BD99479A}.Release|ARM.Build.0 = Release|ARM
		{314D76EF-4CD8-433F-A4CF-0405BD99479A}.Release|x64.ActiveCfg = Release|x64
		{314D76EF-4CD8-433F-A4CF-0405BD99479A}.Release|x64.Build.0 = Release|x64
		{314D76EF-4CD8-433F-A4CF-0405BD99479A}.Release|x86.ActiveCfg = Release|x86
		{314D76EF-4CD8-433F-A4CF-0405BD99479A}.Release|x86.Build.0 = Release|x86
		{674B488E-1366-4E30-B0ED-A6A2350C75F0}.Debug|ARM.ActiveCfg = Debug|ARM
		{674B488E-1366-4E30-B0ED-A6A2350C75F0}.Debug|ARM.Build.0 = Debug|ARM
		{674B488E-1366-4E30-B0ED-A6A2350C75F0}.Debug|x64.ActiveCfg = Debug|x64
		{674B488E-1366-4E30-B0ED-A6A2350C75F0}.Debug|x64.Build.0 = Debug|x64
		{674B488E-1366-4E30-B0ED-A6A2350C75F0}.Debug|x86.ActiveCfg = Debug|x86
		{674B488E-1366-4E30-B0ED-A6A2350C75F0}.Debug|x86.Build.0 = Debug|x86
		{674B488E-1366-4E30-B0ED-A6A2350C75F0}.Release|ARM.ActiveCfg = Release|ARM
		{674B488E-1366-4E30-B0ED-A6A2350C75F0}.Release|ARM.Build.0 = Release|ARM
		{674B488E-1366-4E30-B0ED-A6A2350C75F0}.Release|x64.ActiveCfg = Release|x64
		{674B488E-1366-4E30-B0ED-A6A2350C75F0}.Release|x64.Build.0 = Release|x64
		{674B488E-1366-4E30-B0ED-A6A2350C75F0}.Release|x86.ActiveCfg = Release|x86
		{674B488E-1366-4E30-B0ED-A6A2350C75F0}.Release|x86.Build.0 = Release|x86
		{5C2A6965-929C-4368-BCD0-0226CFBB614C}.Debug|ARM.ActiveCfg = Debug|ARM
		{5C2A6965-929C-4368-BCD0-0226CFBB614C}.Debug|ARM.Build.0 = Debug|ARM
		{5C2A6965-929C-4368-BCD0-0226CFBB614C}.Debug|x64.ActiveCfg = Debug|x64
		{5C2A6965-929C-4368-BCD0-0226CFBB614C}.Debug|x64.Build.0 = Debug|x64
		{5C2A6965-929C-4368-BCD0-0226CFBB614C}.Debug|x86.ActiveCfg = Debug|x86
		{5C2A6965-929C-4368-BCD0-0226CFBB614C}.Debug|x86.Build.0 = Debug|x86
		{5C2A6965-929C-4368-BCD0-0226CFBB614C}.Release|ARM.ActiveCfg = Release|ARM
		{5C2A6965-929C-4368-BCD0-0226CFBB614C}.Release|ARM.Build.0 = Release|ARM
		{5C2A6965-929C-4368-BCD0-0226CFBB614C}.Release|x64.ActiveCfg = Release|x64
		{5C2A6965-929C-4368-BCD0-0226CFBB614C}.Release|x64.Build.0 = Release|x64
		{5C2A6965-929C-4368-BCD0-0226CFBB614C}.Release|x86.ActiveCfg = Release|x86
		{5C2A6965-929C-4368-BCD0-0226CFBB614C}.Release|x86.Build.0 = Release|x86
		{2E86C988-A054-4340-B856-D95939F03754}.Debug|ARM.ActiveCfg = Debug|ARM
		{2E86C988-A054-4340-B856-D95939F03754}.Debug|ARM.Build.0 = Debug|ARM
		{2E86C988-A054-4340-B856-D95939F03754}.Debug|x64.ActiveCfg = Debug|x64
		{2E86C988-A054-4340-B856-D95939F03754}.Debug|x64.Build.0 = Debug|x64
		{2E86C988-A054-4340-B856-D95939F03754}.Debug|x86.ActiveCfg = Debug|x86
		{2E86C988-A054-4340-B856-D95939F03754}.Debug|x86.Build.0 = Debug|x86
		{2E86C988-A054-4340-B856-D95939F03754}.Release|ARM.ActiveCfg = Release|ARM
		{2E86C988-A054-4340-B856-D95939F03754}.Release|ARM.Build.0 = Release|ARM
		{2E86C988-A054-4340-B856-D95939F03754}.Release|x64.ActiveCfg = Release|x64
		{2E86C988-A054-4340-B856-D95939F03754}.Release|x64.Build.0 = Release|x64
		{2E86C988-A054-4340-B856-D95939F03754}.Release|x86.ActiveCfg = Release|x86
		{2E86C988-A054-4340-B856-D95939F03754}.Release|x86.Build.0 = Release|x86
		{132F5AE7-EE28-49C6-94BF-9326A2A463E5}.Debug|ARM.ActiveCfg = Debug|ARM
		{132F5AE7-EE28-49C6-94BF-9326A2A463E5}.Debug|ARM.Build.0 = Debug|ARM
		{132F5AE7-EE28-49C6-94BF-9326A2A463E5}.Debug|x64.ActiveCfg = Debug|x64
		{132F5AE7-EE28-49C6-94BF-9326A2A463E5}.Debug|x64.Build.0 = Debug|x64
		{132F5AE7-EE28-49C6-94BF-9326A2A463E5}.Debug|x86.ActiveCfg = Debug|x86
		{132F5AE7-EE28-49C6-94BF-9326A2A463E5}.Debug|x86.Build.0 = Debug|x86
		{132F5AE7-EE28-49C6-94BF-9326A2A463E5}.Release|ARM.ActiveCfg = Release|ARM
		{132F5AE7-EE28-49C6-94BF-9326A2A463E5}.Release|ARM.Build.0 = Release|ARM
		{132F5AE7-EE28-49C6-94BF-9326A2A463E5}.Release|x64.ActiveCfg = Release|x64
		{132F5AE7-EE28-49C6-94BF-9326A2A463E5}.Release|x64.Build.0 = Release|x64
		{132F5AE7-EE28-49C6-94BF-9326A2A463E5}.Release|x86.ActiveCfg = Release|x86
		{132F5AE7-EE28-49C6-94BF-9326A2A463E5}.Release|x86.Build.0 = Release|x86
	EndGlobalSection
	GlobalSection(SolutionProperties) = preSolution
		HideSolutionNode = FALSE
	EndGlobalSection
	GlobalSection(ExtensibilityGlobals) = postSolution
		SolutionGuid = {8D5612A7-A76B-4484-B033-0F13712CA546}
	EndGlobalSection
EndGlobal
