<?xml version="1.0" encoding="utf-8"?>
<Project ToolsVersion="4.0" xmlns="http://schemas.microsoft.com/developer/msbuild/2003">
  <ItemGroup>
    <Filter Include="asio2">
      <UniqueIdentifier>{324edb2d-342e-41a5-aae6-5e389707c0b5}</UniqueIdentifier>
    </Filter>
    <Filter Include="asio2\base">
      <UniqueIdentifier>{971273b5-9ee4-43e4-952d-cb584a770fc9}</UniqueIdentifier>
    </Filter>
    <Filter Include="asio2\icmp">
      <UniqueIdentifier>{6d42ffbf-2b32-46ea-a43f-a6705c252745}</UniqueIdentifier>
    </Filter>
    <Filter Include="asio2\http">
      <UniqueIdentifier>{d3a51f6b-da8d-4778-9529-719c32143941}</UniqueIdentifier>
    </Filter>
    <Filter Include="asio2\tcp">
      <UniqueIdentifier>{a081d113-35e7-4356-90b0-304203a04ea7}</UniqueIdentifier>
    </Filter>
    <Filter Include="asio2\rpc">
      <UniqueIdentifier>{bae4b10d-8f3d-4d84-8387-d5d62c8e20fa}</UniqueIdentifier>
    </Filter>
    <Filter Include="asio2\udp">
      <UniqueIdentifier>{8d31bb7e-8be1-4dca-9298-c46e50c186a7}</UniqueIdentifier>
    </Filter>
    <Filter Include="asio2\util">
      <UniqueIdentifier>{4e858230-4f00-4c2b-bdfd-9246aaca43d8}</UniqueIdentifier>
    </Filter>
    <Filter Include="asio2\base\component">
      <UniqueIdentifier>{e363edbb-39f7-45c4-9048-457184a70b17}</UniqueIdentifier>
    </Filter>
    <Filter Include="asio2\http\component">
      <UniqueIdentifier>{6af8c455-fb89-47d1-a641-55a9bd1c5726}</UniqueIdentifier>
    </Filter>
    <Filter Include="asio2\http\impl">
      <UniqueIdentifier>{10817ff2-21d7-4448-a011-c7d1fffbfa24}</UniqueIdentifier>
    </Filter>
    <Filter Include="asio2\tcp\component">
      <UniqueIdentifier>{75bec524-91f5-44bb-91a2-c0b31639b23a}</UniqueIdentifier>
    </Filter>
    <Filter Include="asio2\tcp\impl">
      <UniqueIdentifier>{17162bb0-aaab-4615-aa8f-b49315e1ed30}</UniqueIdentifier>
    </Filter>
    <Filter Include="asio2\base\detail">
      <UniqueIdentifier>{ce96ea71-b61d-4ecf-ac86-c97bca9a5ee9}</UniqueIdentifier>
    </Filter>
    <Filter Include="asio2\http\detail">
      <UniqueIdentifier>{1c8a1dbf-66f2-4a2f-8686-075825da731e}</UniqueIdentifier>
    </Filter>
    <Filter Include="asio2\udp\detail">
      <UniqueIdentifier>{32249f74-cee3-47e1-8082-b779a9a0bc55}</UniqueIdentifier>
    </Filter>
    <Filter Include="asio2\udp\impl">
      <UniqueIdentifier>{83779696-f6a7-4193-a152-480751496fee}</UniqueIdentifier>
    </Filter>
    <Filter Include="asio2\udp\component">
      <UniqueIdentifier>{48330577-0cfc-4d75-a7fe-aa0243eaeb8a}</UniqueIdentifier>
    </Filter>
    <Filter Include="asio2\icmp\detail">
      <UniqueIdentifier>{f067041f-d254-49c4-a650-016908b3b4df}</UniqueIdentifier>
    </Filter>
    <Filter Include="asio2\scp">
      <UniqueIdentifier>{0f482f6d-fe40-48cd-98ec-abd92d94349c}</UniqueIdentifier>
    </Filter>
    <Filter Include="asio2\rpc\detail">
      <UniqueIdentifier>{d766de4b-ad4e-49bd-ae07-60b3629a23a5}</UniqueIdentifier>
    </Filter>
    <Filter Include="asio2\3rd">
      <UniqueIdentifier>{c61dd6ea-a9bd-4416-8150-7e349de305d4}</UniqueIdentifier>
    </Filter>
    <Filter Include="asio2\rpc\component">
      <UniqueIdentifier>{7190e768-5d84-48e4-8171-dfd42da7d364}</UniqueIdentifier>
    </Filter>
    <Filter Include="asio2\rpc\impl">
      <UniqueIdentifier>{1acce63e-a916-467f-b167-eb7aaff629f6}</UniqueIdentifier>
    </Filter>
    <Filter Include="asio2\3rd\fmt">
      <UniqueIdentifier>{e7d550b1-6ade-43f8-a40a-1c9a1d1d4341}</UniqueIdentifier>
    </Filter>
    <Filter Include="asio2\3rd\openssl">
      <UniqueIdentifier>{14e291e1-37b9-4fba-aa0e-ce2549f66adc}</UniqueIdentifier>
    </Filter>
    <Filter Include="demo">
      <UniqueIdentifier>{d12ac8f4-e2fe-4989-a712-dfb6763cdd57}</UniqueIdentifier>
    </Filter>
  </ItemGroup>
  <ItemGroup>
    <ClInclude Include="..\..\asio2\util\logger.hpp">
      <Filter>asio2\util</Filter>
    </ClInclude>
    <ClInclude Include="..\..\asio2\util\spin_lock.hpp">
      <Filter>asio2\util</Filter>
    </ClInclude>
    <ClInclude Include="..\..\asio2\util\thread_pool.hpp">
      <Filter>asio2\util</Filter>
    </ClInclude>
    <ClInclude Include="..\..\asio2\asio2.hpp">
      <Filter>asio2</Filter>
    </ClInclude>
    <ClInclude Include="..\..\asio2\util\ini.hpp">
      <Filter>asio2\util</Filter>
    </ClInclude>
    <ClInclude Include="..\..\asio2\config.hpp">
      <Filter>asio2</Filter>
    </ClInclude>
    <ClInclude Include="..\..\asio2\version.hpp">
      <Filter>asio2</Filter>
    </ClInclude>
    <ClInclude Include="..\..\asio2\udp\udp_server.hpp">
      <Filter>asio2\udp</Filter>
    </ClInclude>
    <ClInclude Include="..\..\asio2\udp\udp_session.hpp">
      <Filter>asio2\udp</Filter>
    </ClInclude>
    <ClInclude Include="..\..\asio2\udp\udp_client.hpp">
      <Filter>asio2\udp</Filter>
    </ClInclude>
    <ClInclude Include="..\..\asio2\util\defer.hpp">
      <Filter>asio2\util</Filter>
    </ClInclude>
    <ClInclude Include="..\..\asio2\util\des.hpp">
      <Filter>asio2\util</Filter>
    </ClInclude>
    <ClInclude Include="..\..\asio2\util\md5.hpp">
      <Filter>asio2\util</Filter>
    </ClInclude>
    <ClInclude Include="..\..\asio2\util\noncopyable.hpp">
      <Filter>asio2\util</Filter>
    </ClInclude>
    <ClInclude Include="..\..\asio2\base\component\active_time_cp.hpp">
      <Filter>asio2\base\component</Filter>
    </ClInclude>
    <ClInclude Include="..\..\asio2\base\component\connect_time_cp.hpp">
      <Filter>asio2\base\component</Filter>
    </ClInclude>
    <ClInclude Include="..\..\asio2\base\component\silence_timer_cp.hpp">
      <Filter>asio2\base\component</Filter>
    </ClInclude>
    <ClInclude Include="..\..\asio2\base\component\socket_cp.hpp">
      <Filter>asio2\base\component</Filter>
    </ClInclude>
    <ClInclude Include="..\..\asio2\base\component\user_data_cp.hpp">
      <Filter>asio2\base\component</Filter>
    </ClInclude>
    <ClInclude Include="..\..\asio2\base\component\user_timer_cp.hpp">
      <Filter>asio2\base\component</Filter>
    </ClInclude>
    <ClInclude Include="..\..\asio2\base\detail\allocator.hpp">
      <Filter>asio2\base\detail</Filter>
    </ClInclude>
    <ClInclude Include="..\..\asio2\base\detail\buffer_wrap.hpp">
      <Filter>asio2\base\detail</Filter>
    </ClInclude>
    <ClInclude Include="..\..\asio2\base\detail\condition_wrap.hpp">
      <Filter>asio2\base\detail</Filter>
    </ClInclude>
    <ClInclude Include="..\..\asio2\base\detail\linear_buffer.hpp">
      <Filter>asio2\base\detail</Filter>
    </ClInclude>
    <ClInclude Include="..\..\asio2\base\detail\object.hpp">
      <Filter>asio2\base\detail</Filter>
    </ClInclude>
    <ClInclude Include="..\..\asio2\base\detail\util.hpp">
      <Filter>asio2\base\detail</Filter>
    </ClInclude>
    <ClInclude Include="..\..\asio2\base\client.hpp">
      <Filter>asio2\base</Filter>
    </ClInclude>
    <ClInclude Include="..\..\asio2\base\error.hpp">
      <Filter>asio2\base</Filter>
    </ClInclude>
    <ClInclude Include="..\..\asio2\base\iopool.hpp">
      <Filter>asio2\base</Filter>
    </ClInclude>
    <ClInclude Include="..\..\asio2\base\listener.hpp">
      <Filter>asio2\base</Filter>
    </ClInclude>
    <ClInclude Include="..\..\asio2\base\server.hpp">
      <Filter>asio2\base</Filter>
    </ClInclude>
    <ClInclude Include="..\..\asio2\base\session.hpp">
      <Filter>asio2\base</Filter>
    </ClInclude>
    <ClInclude Include="..\..\asio2\base\session_mgr.hpp">
      <Filter>asio2\base</Filter>
    </ClInclude>
    <ClInclude Include="..\..\asio2\http\component\ws_stream_cp.hpp">
      <Filter>asio2\http\component</Filter>
    </ClInclude>
    <ClInclude Include="..\..\asio2\http\impl\http_send_op.hpp">
      <Filter>asio2\http\impl</Filter>
    </ClInclude>
    <ClInclude Include="..\..\asio2\http\impl\ws_send_op.hpp">
      <Filter>asio2\http\impl</Filter>
    </ClInclude>
    <ClInclude Include="..\..\asio2\http\detail\http_parser.h">
      <Filter>asio2\http\detail</Filter>
    </ClInclude>
    <ClInclude Include="..\..\asio2\http\detail\http_util.hpp">
      <Filter>asio2\http\detail</Filter>
    </ClInclude>
    <ClInclude Include="..\..\asio2\http\detail\mime_types.hpp">
      <Filter>asio2\http\detail</Filter>
    </ClInclude>
    <ClInclude Include="..\..\asio2\http\http_client.hpp">
      <Filter>asio2\http</Filter>
    </ClInclude>
    <ClInclude Include="..\..\asio2\http\http_server.hpp">
      <Filter>asio2\http</Filter>
    </ClInclude>
    <ClInclude Include="..\..\asio2\http\http_session.hpp">
      <Filter>asio2\http</Filter>
    </ClInclude>
    <ClInclude Include="..\..\asio2\http\https_client.hpp">
      <Filter>asio2\http</Filter>
    </ClInclude>
    <ClInclude Include="..\..\asio2\http\https_server.hpp">
      <Filter>asio2\http</Filter>
    </ClInclude>
    <ClInclude Include="..\..\asio2\http\https_session.hpp">
      <Filter>asio2\http</Filter>
    </ClInclude>
    <ClInclude Include="..\..\asio2\http\httpws_server.hpp">
      <Filter>asio2\http</Filter>
    </ClInclude>
    <ClInclude Include="..\..\asio2\http\httpws_session.hpp">
      <Filter>asio2\http</Filter>
    </ClInclude>
    <ClInclude Include="..\..\asio2\http\ws_client.hpp">
      <Filter>asio2\http</Filter>
    </ClInclude>
    <ClInclude Include="..\..\asio2\http\ws_server.hpp">
      <Filter>asio2\http</Filter>
    </ClInclude>
    <ClInclude Include="..\..\asio2\http\ws_session.hpp">
      <Filter>asio2\http</Filter>
    </ClInclude>
    <ClInclude Include="..\..\asio2\http\wss_client.hpp">
      <Filter>asio2\http</Filter>
    </ClInclude>
    <ClInclude Include="..\..\asio2\http\wss_server.hpp">
      <Filter>asio2\http</Filter>
    </ClInclude>
    <ClInclude Include="..\..\asio2\http\wss_session.hpp">
      <Filter>asio2\http</Filter>
    </ClInclude>
    <ClInclude Include="..\..\asio2\tcp\tcp_client.hpp">
      <Filter>asio2\tcp</Filter>
    </ClInclude>
    <ClInclude Include="..\..\asio2\tcp\tcp_server.hpp">
      <Filter>asio2\tcp</Filter>
    </ClInclude>
    <ClInclude Include="..\..\asio2\tcp\tcp_session.hpp">
      <Filter>asio2\tcp</Filter>
    </ClInclude>
    <ClInclude Include="..\..\asio2\tcp\tcps_client.hpp">
      <Filter>asio2\tcp</Filter>
    </ClInclude>
    <ClInclude Include="..\..\asio2\tcp\tcps_server.hpp">
      <Filter>asio2\tcp</Filter>
    </ClInclude>
    <ClInclude Include="..\..\asio2\tcp\tcps_session.hpp">
      <Filter>asio2\tcp</Filter>
    </ClInclude>
    <ClInclude Include="..\..\asio2\tcp\component\ssl_stream_cp.hpp">
      <Filter>asio2\tcp\component</Filter>
    </ClInclude>
    <ClInclude Include="..\..\asio2\tcp\impl\tcp_recv_op.hpp">
      <Filter>asio2\tcp\impl</Filter>
    </ClInclude>
    <ClInclude Include="..\..\asio2\tcp\impl\tcp_send_op.hpp">
      <Filter>asio2\tcp\impl</Filter>
    </ClInclude>
    <ClInclude Include="..\..\asio2\base\selector.hpp">
      <Filter>asio2\base</Filter>
    </ClInclude>
    <ClInclude Include="..\..\asio2\base\component\local_endpoint_cp.hpp">
      <Filter>asio2\base\component</Filter>
    </ClInclude>
    <ClInclude Include="..\..\asio2\base\component\post_cp.hpp">
      <Filter>asio2\base\component</Filter>
    </ClInclude>
    <ClInclude Include="..\..\asio2\http\impl\http_recv_op.hpp">
      <Filter>asio2\http\impl</Filter>
    </ClInclude>
    <ClInclude Include="..\..\asio2\udp\detail\ikcp.h">
      <Filter>asio2\udp\detail</Filter>
    </ClInclude>
    <ClInclude Include="..\..\asio2\udp\impl\udp_send_op.hpp">
      <Filter>asio2\udp\impl</Filter>
    </ClInclude>
    <ClInclude Include="..\..\asio2\udp\detail\kcp_util.hpp">
      <Filter>asio2\udp\detail</Filter>
    </ClInclude>
    <ClInclude Include="..\..\asio2\udp\component\kcp_stream_cp.hpp">
      <Filter>asio2\udp\component</Filter>
    </ClInclude>
    <ClInclude Include="..\..\asio2\http\httpwss_server.hpp">
      <Filter>asio2\http</Filter>
    </ClInclude>
    <ClInclude Include="..\..\asio2\http\httpwss_session.hpp">
      <Filter>asio2\http</Filter>
    </ClInclude>
    <ClInclude Include="..\..\asio2\icmp\detail\icmp_header.hpp">
      <Filter>asio2\icmp\detail</Filter>
    </ClInclude>
    <ClInclude Include="..\..\asio2\icmp\detail\ipv4_header.hpp">
      <Filter>asio2\icmp\detail</Filter>
    </ClInclude>
    <ClInclude Include="..\..\asio2\icmp\ping.hpp">
      <Filter>asio2\icmp</Filter>
    </ClInclude>
    <ClInclude Include="..\..\asio2\scp\scp.hpp">
      <Filter>asio2\scp</Filter>
    </ClInclude>
    <ClInclude Include="..\..\asio2\base\component\send_cp.hpp">
      <Filter>asio2\base\component</Filter>
    </ClInclude>
    <ClInclude Include="..\..\asio2\http\component\http_send_cp.hpp">
      <Filter>asio2\http\component</Filter>
    </ClInclude>
    <ClInclude Include="..\..\asio2\tcp\component\tcp_keepalive_cp.hpp">
      <Filter>asio2\tcp\component</Filter>
    </ClInclude>
    <ClInclude Include="..\..\asio2\udp\udp_cast.hpp">
      <Filter>asio2\udp</Filter>
    </ClInclude>
    <ClInclude Include="..\..\asio2\udp\component\udp_send_cp.hpp">
      <Filter>asio2\udp\component</Filter>
    </ClInclude>
    <ClInclude Include="..\..\asio2\base\component\connect_cp.hpp">
      <Filter>asio2\base\component</Filter>
    </ClInclude>
    <ClInclude Include="..\..\asio2\base\component\connect_timeout_cp.hpp">
      <Filter>asio2\base\component</Filter>
    </ClInclude>
    <ClInclude Include="..\..\asio2\base\timer.hpp">
      <Filter>asio2\base</Filter>
    </ClInclude>
    <ClInclude Include="..\..\asio2\rpc\rpc_client.hpp">
      <Filter>asio2\rpc</Filter>
    </ClInclude>
    <ClInclude Include="..\..\asio2\rpc\rpc_server.hpp">
      <Filter>asio2\rpc</Filter>
    </ClInclude>
    <ClInclude Include="..\..\asio2\rpc\detail\invoker.hpp">
      <Filter>asio2\rpc\detail</Filter>
    </ClInclude>
    <ClInclude Include="..\..\asio2\rpc\detail\protocol.hpp">
      <Filter>asio2\rpc\detail</Filter>
    </ClInclude>
    <ClInclude Include="..\..\asio2\base\detail\function_traits.hpp">
      <Filter>asio2\base\detail</Filter>
    </ClInclude>
    <ClInclude Include="..\..\asio2\3rd\cereal.hpp">
      <Filter>asio2\3rd</Filter>
    </ClInclude>
    <ClInclude Include="..\..\asio2\rpc\component\rpc_call_cp.hpp">
      <Filter>asio2\rpc\component</Filter>
    </ClInclude>
    <ClInclude Include="..\..\asio2\rpc\detail\serialization.hpp">
      <Filter>asio2\rpc\detail</Filter>
    </ClInclude>
    <ClInclude Include="..\..\asio2\rpc\rpc_session.hpp">
      <Filter>asio2\rpc</Filter>
    </ClInclude>
    <ClInclude Include="..\..\asio2\rpc\impl\rpc_recv_op.hpp">
      <Filter>asio2\rpc\impl</Filter>
    </ClInclude>
    <ClInclude Include="..\..\fmt\chrono.h">
      <Filter>asio2\3rd\fmt</Filter>
    </ClInclude>
    <ClInclude Include="..\..\fmt\color.h">
      <Filter>asio2\3rd\fmt</Filter>
    </ClInclude>
    <ClInclude Include="..\..\fmt\compile.h">
      <Filter>asio2\3rd\fmt</Filter>
    </ClInclude>
    <ClInclude Include="..\..\fmt\core.h">
      <Filter>asio2\3rd\fmt</Filter>
    </ClInclude>
    <ClInclude Include="..\..\fmt\format.h">
      <Filter>asio2\3rd\fmt</Filter>
    </ClInclude>
    <ClInclude Include="..\..\fmt\format-inl.h">
      <Filter>asio2\3rd\fmt</Filter>
    </ClInclude>
    <ClInclude Include="..\..\fmt\locale.h">
      <Filter>asio2\3rd\fmt</Filter>
    </ClInclude>
    <ClInclude Include="..\..\fmt\ostream.h">
      <Filter>asio2\3rd\fmt</Filter>
    </ClInclude>
    <ClInclude Include="..\..\fmt\posix.h">
      <Filter>asio2\3rd\fmt</Filter>
    </ClInclude>
    <ClInclude Include="..\..\fmt\printf.h">
      <Filter>asio2\3rd\fmt</Filter>
    </ClInclude>
    <ClInclude Include="..\..\fmt\ranges.h">
      <Filter>asio2\3rd\fmt</Filter>
    </ClInclude>
    <ClInclude Include="..\..\fmt\safe-duration-cast.h">
      <Filter>asio2\3rd\fmt</Filter>
    </ClInclude>
    <ClInclude Include="..\..\asio2\base\component\send_queue_cp.hpp">
      <Filter>asio2\base\component</Filter>
    </ClInclude>
    <ClInclude Include="..\..\openssl\__DECC_INCLUDE_EPILOGUE.H">
      <Filter>asio2\3rd\openssl</Filter>
    </ClInclude>
    <ClInclude Include="..\..\openssl\__DECC_INCLUDE_PROLOGUE.H">
      <Filter>asio2\3rd\openssl</Filter>
    </ClInclude>
    <ClInclude Include="..\..\openssl\aes.h">
      <Filter>asio2\3rd\openssl</Filter>
    </ClInclude>
    <ClInclude Include="..\..\openssl\asn1.h">
      <Filter>asio2\3rd\openssl</Filter>
    </ClInclude>
    <ClInclude Include="..\..\openssl\asn1_mac.h">
      <Filter>asio2\3rd\openssl</Filter>
    </ClInclude>
    <ClInclude Include="..\..\openssl\asn1t.h">
      <Filter>asio2\3rd\openssl</Filter>
    </ClInclude>
    <ClInclude Include="..\..\openssl\async.h">
      <Filter>asio2\3rd\openssl</Filter>
    </ClInclude>
    <ClInclude Include="..\..\openssl\bio.h">
      <Filter>asio2\3rd\openssl</Filter>
    </ClInclude>
    <ClInclude Include="..\..\openssl\blowfish.h">
      <Filter>asio2\3rd\openssl</Filter>
    </ClInclude>
    <ClInclude Include="..\..\openssl\bn.h">
      <Filter>asio2\3rd\openssl</Filter>
    </ClInclude>
    <ClInclude Include="..\..\openssl\buffer.h">
      <Filter>asio2\3rd\openssl</Filter>
    </ClInclude>
    <ClInclude Include="..\..\openssl\camellia.h">
      <Filter>asio2\3rd\openssl</Filter>
    </ClInclude>
    <ClInclude Include="..\..\openssl\cast.h">
      <Filter>asio2\3rd\openssl</Filter>
    </ClInclude>
    <ClInclude Include="..\..\openssl\cmac.h">
      <Filter>asio2\3rd\openssl</Filter>
    </ClInclude>
    <ClInclude Include="..\..\openssl\cms.h">
      <Filter>asio2\3rd\openssl</Filter>
    </ClInclude>
    <ClInclude Include="..\..\openssl\comp.h">
      <Filter>asio2\3rd\openssl</Filter>
    </ClInclude>
    <ClInclude Include="..\..\openssl\conf.h">
      <Filter>asio2\3rd\openssl</Filter>
    </ClInclude>
    <ClInclude Include="..\..\openssl\conf_api.h">
      <Filter>asio2\3rd\openssl</Filter>
    </ClInclude>
    <ClInclude Include="..\..\openssl\crypto.h">
      <Filter>asio2\3rd\openssl</Filter>
    </ClInclude>
    <ClInclude Include="..\..\openssl\ct.h">
      <Filter>asio2\3rd\openssl</Filter>
    </ClInclude>
    <ClInclude Include="..\..\openssl\des.h">
      <Filter>asio2\3rd\openssl</Filter>
    </ClInclude>
    <ClInclude Include="..\..\openssl\dh.h">
      <Filter>asio2\3rd\openssl</Filter>
    </ClInclude>
    <ClInclude Include="..\..\openssl\dsa.h">
      <Filter>asio2\3rd\openssl</Filter>
    </ClInclude>
    <ClInclude Include="..\..\openssl\dtls1.h">
      <Filter>asio2\3rd\openssl</Filter>
    </ClInclude>
    <ClInclude Include="..\..\openssl\e_os2.h">
      <Filter>asio2\3rd\openssl</Filter>
    </ClInclude>
    <ClInclude Include="..\..\openssl\ebcdic.h">
      <Filter>asio2\3rd\openssl</Filter>
    </ClInclude>
    <ClInclude Include="..\..\openssl\ec.h">
      <Filter>asio2\3rd\openssl</Filter>
    </ClInclude>
    <ClInclude Include="..\..\openssl\ecdh.h">
      <Filter>asio2\3rd\openssl</Filter>
    </ClInclude>
    <ClInclude Include="..\..\openssl\ecdsa.h">
      <Filter>asio2\3rd\openssl</Filter>
    </ClInclude>
    <ClInclude Include="..\..\openssl\engine.h">
      <Filter>asio2\3rd\openssl</Filter>
    </ClInclude>
    <ClInclude Include="..\..\openssl\err.h">
      <Filter>asio2\3rd\openssl</Filter>
    </ClInclude>
    <ClInclude Include="..\..\openssl\evp.h">
      <Filter>asio2\3rd\openssl</Filter>
    </ClInclude>
    <ClInclude Include="..\..\openssl\hmac.h">
      <Filter>asio2\3rd\openssl</Filter>
    </ClInclude>
    <ClInclude Include="..\..\openssl\idea.h">
      <Filter>asio2\3rd\openssl</Filter>
    </ClInclude>
    <ClInclude Include="..\..\openssl\kdf.h">
      <Filter>asio2\3rd\openssl</Filter>
    </ClInclude>
    <ClInclude Include="..\..\openssl\lhash.h">
      <Filter>asio2\3rd\openssl</Filter>
    </ClInclude>
    <ClInclude Include="..\..\openssl\md2.h">
      <Filter>asio2\3rd\openssl</Filter>
    </ClInclude>
    <ClInclude Include="..\..\openssl\md4.h">
      <Filter>asio2\3rd\openssl</Filter>
    </ClInclude>
    <ClInclude Include="..\..\openssl\md5.h">
      <Filter>asio2\3rd\openssl</Filter>
    </ClInclude>
    <ClInclude Include="..\..\openssl\mdc2.h">
      <Filter>asio2\3rd\openssl</Filter>
    </ClInclude>
    <ClInclude Include="..\..\openssl\modes.h">
      <Filter>asio2\3rd\openssl</Filter>
    </ClInclude>
    <ClInclude Include="..\..\openssl\obj_mac.h">
      <Filter>asio2\3rd\openssl</Filter>
    </ClInclude>
    <ClInclude Include="..\..\openssl\objects.h">
      <Filter>asio2\3rd\openssl</Filter>
    </ClInclude>
    <ClInclude Include="..\..\openssl\ocsp.h">
      <Filter>asio2\3rd\openssl</Filter>
    </ClInclude>
    <ClInclude Include="..\..\openssl\opensslconf.h">
      <Filter>asio2\3rd\openssl</Filter>
    </ClInclude>
    <ClInclude Include="..\..\openssl\opensslconf_linux64.h">
      <Filter>asio2\3rd\openssl</Filter>
    </ClInclude>
    <ClInclude Include="..\..\openssl\opensslconf_win32.h">
      <Filter>asio2\3rd\openssl</Filter>
    </ClInclude>
    <ClInclude Include="..\..\openssl\opensslconf_win64.h">
      <Filter>asio2\3rd\openssl</Filter>
    </ClInclude>
    <ClInclude Include="..\..\openssl\opensslv.h">
      <Filter>asio2\3rd\openssl</Filter>
    </ClInclude>
    <ClInclude Include="..\..\openssl\ossl_typ.h">
      <Filter>asio2\3rd\openssl</Filter>
    </ClInclude>
    <ClInclude Include="..\..\openssl\pem.h">
      <Filter>asio2\3rd\openssl</Filter>
    </ClInclude>
    <ClInclude Include="..\..\openssl\pem2.h">
      <Filter>asio2\3rd\openssl</Filter>
    </ClInclude>
    <ClInclude Include="..\..\openssl\pkcs7.h">
      <Filter>asio2\3rd\openssl</Filter>
    </ClInclude>
    <ClInclude Include="..\..\openssl\pkcs12.h">
      <Filter>asio2\3rd\openssl</Filter>
    </ClInclude>
    <ClInclude Include="..\..\openssl\rand.h">
      <Filter>asio2\3rd\openssl</Filter>
    </ClInclude>
    <ClInclude Include="..\..\openssl\rc2.h">
      <Filter>asio2\3rd\openssl</Filter>
    </ClInclude>
    <ClInclude Include="..\..\openssl\rc4.h">
      <Filter>asio2\3rd\openssl</Filter>
    </ClInclude>
    <ClInclude Include="..\..\openssl\rc5.h">
      <Filter>asio2\3rd\openssl</Filter>
    </ClInclude>
    <ClInclude Include="..\..\openssl\ripemd.h">
      <Filter>asio2\3rd\openssl</Filter>
    </ClInclude>
    <ClInclude Include="..\..\openssl\rsa.h">
      <Filter>asio2\3rd\openssl</Filter>
    </ClInclude>
    <ClInclude Include="..\..\openssl\safestack.h">
      <Filter>asio2\3rd\openssl</Filter>
    </ClInclude>
    <ClInclude Include="..\..\openssl\seed.h">
      <Filter>asio2\3rd\openssl</Filter>
    </ClInclude>
    <ClInclude Include="..\..\openssl\sha.h">
      <Filter>asio2\3rd\openssl</Filter>
    </ClInclude>
    <ClInclude Include="..\..\openssl\srp.h">
      <Filter>asio2\3rd\openssl</Filter>
    </ClInclude>
    <ClInclude Include="..\..\openssl\srtp.h">
      <Filter>asio2\3rd\openssl</Filter>
    </ClInclude>
    <ClInclude Include="..\..\openssl\ssl.h">
      <Filter>asio2\3rd\openssl</Filter>
    </ClInclude>
    <ClInclude Include="..\..\openssl\ssl2.h">
      <Filter>asio2\3rd\openssl</Filter>
    </ClInclude>
    <ClInclude Include="..\..\openssl\ssl3.h">
      <Filter>asio2\3rd\openssl</Filter>
    </ClInclude>
    <ClInclude Include="..\..\openssl\stack.h">
      <Filter>asio2\3rd\openssl</Filter>
    </ClInclude>
    <ClInclude Include="..\..\openssl\symhacks.h">
      <Filter>asio2\3rd\openssl</Filter>
    </ClInclude>
    <ClInclude Include="..\..\openssl\tls1.h">
      <Filter>asio2\3rd\openssl</Filter>
    </ClInclude>
    <ClInclude Include="..\..\openssl\ts.h">
      <Filter>asio2\3rd\openssl</Filter>
    </ClInclude>
    <ClInclude Include="..\..\openssl\txt_db.h">
      <Filter>asio2\3rd\openssl</Filter>
    </ClInclude>
    <ClInclude Include="..\..\openssl\ui.h">
      <Filter>asio2\3rd\openssl</Filter>
    </ClInclude>
    <ClInclude Include="..\..\openssl\whrlpool.h">
      <Filter>asio2\3rd\openssl</Filter>
    </ClInclude>
    <ClInclude Include="..\..\openssl\x509.h">
      <Filter>asio2\3rd\openssl</Filter>
    </ClInclude>
    <ClInclude Include="..\..\openssl\x509_vfy.h">
      <Filter>asio2\3rd\openssl</Filter>
    </ClInclude>
    <ClInclude Include="..\..\openssl\x509v3.h">
      <Filter>asio2\3rd\openssl</Filter>
    </ClInclude>
    <ClInclude Include="..\src\http_server.hpp">
      <Filter>demo</Filter>
    </ClInclude>
    <ClInclude Include="..\src\httpws_server.hpp">
      <Filter>demo</Filter>
    </ClInclude>
    <ClInclude Include="..\src\rpc_server.hpp">
      <Filter>demo</Filter>
    </ClInclude>
    <ClInclude Include="..\src\tcp_server.hpp">
      <Filter>demo</Filter>
    </ClInclude>
    <ClInclude Include="..\src\tcp_server_character.hpp">
      <Filter>demo</Filter>
    </ClInclude>
    <ClInclude Include="..\src\tcp_server_dgram.hpp">
      <Filter>demo</Filter>
    </ClInclude>
    <ClInclude Include="..\src\tcp_server_match_role.hpp">
      <Filter>demo</Filter>
    </ClInclude>
    <ClInclude Include="..\src\udp_server.hpp">
      <Filter>demo</Filter>
    </ClInclude>
    <ClInclude Include="..\src\udp_server_kcp.hpp">
      <Filter>demo</Filter>
    </ClInclude>
    <ClInclude Include="..\src\websocket_server.hpp">
      <Filter>demo</Filter>
    </ClInclude>
  </ItemGroup>
  <ItemGroup>
    <ClCompile Include="..\src\server.cpp">
      <Filter>demo</Filter>
    </ClCompile>
  </ItemGroup>
</Project>