<?xml version="1.0" encoding="utf-8"?>
<Project ToolsVersion="4.0" xmlns="http://schemas.microsoft.com/developer/msbuild/2003">
  <ItemGroup>
    <Filter Include="asio2">
      <UniqueIdentifier>{5786c013-da0e-4d27-bd95-784918e58263}</UniqueIdentifier>
    </Filter>
    <Filter Include="asio2\base">
      <UniqueIdentifier>{6a011482-df90-4388-86cc-49f80b610da2}</UniqueIdentifier>
    </Filter>
    <Filter Include="asio2\tcp">
      <UniqueIdentifier>{8003849a-3e9c-4488-ad0a-02ea2035ebdb}</UniqueIdentifier>
    </Filter>
    <Filter Include="asio2\udp">
      <UniqueIdentifier>{692ac0ef-580e-47eb-b8eb-c5cbee10cb84}</UniqueIdentifier>
    </Filter>
    <Filter Include="asio2\http">
      <UniqueIdentifier>{e93effd7-5938-44e8-a756-76685e8a4c8d}</UniqueIdentifier>
    </Filter>
    <Filter Include="asio2\rpc">
      <UniqueIdentifier>{b505b46b-f789-47df-b9d4-def29e30fe5d}</UniqueIdentifier>
    </Filter>
    <Filter Include="asio2\util">
      <UniqueIdentifier>{dcc550e3-2ccf-45a9-aad7-ba3653a465a5}</UniqueIdentifier>
    </Filter>
    <Filter Include="asio2\icmp">
      <UniqueIdentifier>{7a9ef772-bdb2-4ed6-b4c8-2591653f70e9}</UniqueIdentifier>
    </Filter>
    <Filter Include="asio2\base\component">
      <UniqueIdentifier>{76d182f8-bf52-4cb9-a174-2a82244c8822}</UniqueIdentifier>
    </Filter>
    <Filter Include="asio2\http\component">
      <UniqueIdentifier>{64bac44b-0355-4851-8cb5-410b0449973e}</UniqueIdentifier>
    </Filter>
    <Filter Include="asio2\tcp\component">
      <UniqueIdentifier>{3784e921-3b8b-4395-a143-481698aab396}</UniqueIdentifier>
    </Filter>
    <Filter Include="asio2\udp\component">
      <UniqueIdentifier>{1316824d-a2c2-474b-b65c-e7718b1fb679}</UniqueIdentifier>
    </Filter>
    <Filter Include="asio2\base\detail">
      <UniqueIdentifier>{342c3da5-2387-45ae-be65-b615ece084d6}</UniqueIdentifier>
    </Filter>
    <Filter Include="asio2\http\detail">
      <UniqueIdentifier>{85e928d7-9805-4a53-a9f2-232969506d8d}</UniqueIdentifier>
    </Filter>
    <Filter Include="asio2\tcp\detail">
      <UniqueIdentifier>{49cf7278-4f8a-41c5-9513-eff575171599}</UniqueIdentifier>
    </Filter>
    <Filter Include="asio2\udp\detail">
      <UniqueIdentifier>{f25ba08e-2573-4d6b-b91d-c314495cb32a}</UniqueIdentifier>
    </Filter>
    <Filter Include="asio2\http\impl">
      <UniqueIdentifier>{23867cec-482a-47f1-b731-bfb807995b8f}</UniqueIdentifier>
    </Filter>
    <Filter Include="asio2\tcp\impl">
      <UniqueIdentifier>{6fa8e3da-74f5-46c6-839d-f0fecb0ef7d1}</UniqueIdentifier>
    </Filter>
    <Filter Include="asio2\udp\impl">
      <UniqueIdentifier>{b3bd1cbd-b850-49af-91d5-4f89087d988e}</UniqueIdentifier>
    </Filter>
    <Filter Include="asio2\scp">
      <UniqueIdentifier>{e12a31c1-b82e-4cb7-abe0-f91f2dc36734}</UniqueIdentifier>
    </Filter>
    <Filter Include="asio2\3rd">
      <UniqueIdentifier>{ac710a53-bd68-4542-9eee-d60128d6f4f2}</UniqueIdentifier>
    </Filter>
    <Filter Include="asio2\3rd\openssl">
      <UniqueIdentifier>{48f78b75-f6ac-4bf9-b9d3-6dd63accb3ac}</UniqueIdentifier>
    </Filter>
  </ItemGroup>
  <ItemGroup>
    <ClInclude Include="..\..\..\asio2\base\detail\allocator.hpp">
      <Filter>asio2\base\detail</Filter>
    </ClInclude>
    <ClInclude Include="..\..\..\asio2\base\detail\buffer_wrap.hpp">
      <Filter>asio2\base\detail</Filter>
    </ClInclude>
    <ClInclude Include="..\..\..\asio2\base\detail\condition_wrap.hpp">
      <Filter>asio2\base\detail</Filter>
    </ClInclude>
    <ClInclude Include="..\..\..\asio2\base\detail\linear_buffer.hpp">
      <Filter>asio2\base\detail</Filter>
    </ClInclude>
    <ClInclude Include="..\..\..\asio2\base\detail\object.hpp">
      <Filter>asio2\base\detail</Filter>
    </ClInclude>
    <ClInclude Include="..\..\..\asio2\base\detail\util.hpp">
      <Filter>asio2\base\detail</Filter>
    </ClInclude>
    <ClInclude Include="..\..\..\asio2\base\client.hpp">
      <Filter>asio2\base</Filter>
    </ClInclude>
    <ClInclude Include="..\..\..\asio2\base\error.hpp">
      <Filter>asio2\base</Filter>
    </ClInclude>
    <ClInclude Include="..\..\..\asio2\base\iopool.hpp">
      <Filter>asio2\base</Filter>
    </ClInclude>
    <ClInclude Include="..\..\..\asio2\base\listener.hpp">
      <Filter>asio2\base</Filter>
    </ClInclude>
    <ClInclude Include="..\..\..\asio2\base\selector.hpp">
      <Filter>asio2\base</Filter>
    </ClInclude>
    <ClInclude Include="..\..\..\asio2\base\server.hpp">
      <Filter>asio2\base</Filter>
    </ClInclude>
    <ClInclude Include="..\..\..\asio2\base\session.hpp">
      <Filter>asio2\base</Filter>
    </ClInclude>
    <ClInclude Include="..\..\..\asio2\base\session_mgr.hpp">
      <Filter>asio2\base</Filter>
    </ClInclude>
    <ClInclude Include="..\..\..\asio2\http\http_client.hpp">
      <Filter>asio2\http</Filter>
    </ClInclude>
    <ClInclude Include="..\..\..\asio2\http\http_server.hpp">
      <Filter>asio2\http</Filter>
    </ClInclude>
    <ClInclude Include="..\..\..\asio2\http\http_session.hpp">
      <Filter>asio2\http</Filter>
    </ClInclude>
    <ClInclude Include="..\..\..\asio2\http\https_client.hpp">
      <Filter>asio2\http</Filter>
    </ClInclude>
    <ClInclude Include="..\..\..\asio2\http\https_server.hpp">
      <Filter>asio2\http</Filter>
    </ClInclude>
    <ClInclude Include="..\..\..\asio2\http\https_session.hpp">
      <Filter>asio2\http</Filter>
    </ClInclude>
    <ClInclude Include="..\..\..\asio2\http\ws_client.hpp">
      <Filter>asio2\http</Filter>
    </ClInclude>
    <ClInclude Include="..\..\..\asio2\http\ws_server.hpp">
      <Filter>asio2\http</Filter>
    </ClInclude>
    <ClInclude Include="..\..\..\asio2\http\ws_session.hpp">
      <Filter>asio2\http</Filter>
    </ClInclude>
    <ClInclude Include="..\..\..\asio2\http\wss_client.hpp">
      <Filter>asio2\http</Filter>
    </ClInclude>
    <ClInclude Include="..\..\..\asio2\http\wss_server.hpp">
      <Filter>asio2\http</Filter>
    </ClInclude>
    <ClInclude Include="..\..\..\asio2\http\wss_session.hpp">
      <Filter>asio2\http</Filter>
    </ClInclude>
    <ClInclude Include="..\..\..\asio2\http\component\ws_stream_cp.hpp">
      <Filter>asio2\http\component</Filter>
    </ClInclude>
    <ClInclude Include="..\..\..\asio2\http\detail\http_parser.h">
      <Filter>asio2\http\detail</Filter>
    </ClInclude>
    <ClInclude Include="..\..\..\asio2\http\detail\http_util.hpp">
      <Filter>asio2\http\detail</Filter>
    </ClInclude>
    <ClInclude Include="..\..\..\asio2\http\detail\mime_types.hpp">
      <Filter>asio2\http\detail</Filter>
    </ClInclude>
    <ClInclude Include="..\..\..\asio2\http\impl\http_recv_op.hpp">
      <Filter>asio2\http\impl</Filter>
    </ClInclude>
    <ClInclude Include="..\..\..\asio2\http\impl\http_send_op.hpp">
      <Filter>asio2\http\impl</Filter>
    </ClInclude>
    <ClInclude Include="..\..\..\asio2\http\impl\ws_send_op.hpp">
      <Filter>asio2\http\impl</Filter>
    </ClInclude>
    <ClInclude Include="..\..\..\asio2\icmp\ping.hpp">
      <Filter>asio2\icmp</Filter>
    </ClInclude>
    <ClInclude Include="..\..\..\asio2\icmp\detail\icmp_header.hpp">
      <Filter>asio2\icmp</Filter>
    </ClInclude>
    <ClInclude Include="..\..\..\asio2\icmp\detail\ipv4_header.hpp">
      <Filter>asio2\icmp</Filter>
    </ClInclude>
    <ClInclude Include="..\..\..\asio2\tcp\component\ssl_stream_cp.hpp">
      <Filter>asio2\tcp\component</Filter>
    </ClInclude>
    <ClInclude Include="..\..\..\asio2\tcp\impl\tcp_recv_op.hpp">
      <Filter>asio2\tcp\impl</Filter>
    </ClInclude>
    <ClInclude Include="..\..\..\asio2\tcp\impl\tcp_send_op.hpp">
      <Filter>asio2\tcp\impl</Filter>
    </ClInclude>
    <ClInclude Include="..\..\..\asio2\tcp\tcp_client.hpp">
      <Filter>asio2\tcp</Filter>
    </ClInclude>
    <ClInclude Include="..\..\..\asio2\tcp\tcp_server.hpp">
      <Filter>asio2\tcp</Filter>
    </ClInclude>
    <ClInclude Include="..\..\..\asio2\tcp\tcp_session.hpp">
      <Filter>asio2\tcp</Filter>
    </ClInclude>
    <ClInclude Include="..\..\..\asio2\tcp\tcps_client.hpp">
      <Filter>asio2\tcp</Filter>
    </ClInclude>
    <ClInclude Include="..\..\..\asio2\tcp\tcps_server.hpp">
      <Filter>asio2\tcp</Filter>
    </ClInclude>
    <ClInclude Include="..\..\..\asio2\tcp\tcps_session.hpp">
      <Filter>asio2\tcp</Filter>
    </ClInclude>
    <ClInclude Include="..\..\..\asio2\udp\component\kcp_stream_cp.hpp">
      <Filter>asio2\udp\component</Filter>
    </ClInclude>
    <ClInclude Include="..\..\..\asio2\udp\detail\ikcp.h">
      <Filter>asio2\udp\detail</Filter>
    </ClInclude>
    <ClInclude Include="..\..\..\asio2\udp\detail\kcp_util.hpp">
      <Filter>asio2\udp\detail</Filter>
    </ClInclude>
    <ClInclude Include="..\..\..\asio2\udp\impl\udp_send_op.hpp">
      <Filter>asio2\udp\impl</Filter>
    </ClInclude>
    <ClInclude Include="..\..\..\asio2\udp\udp_client.hpp">
      <Filter>asio2\udp</Filter>
    </ClInclude>
    <ClInclude Include="..\..\..\asio2\udp\udp_server.hpp">
      <Filter>asio2\udp</Filter>
    </ClInclude>
    <ClInclude Include="..\..\..\asio2\udp\udp_session.hpp">
      <Filter>asio2\udp</Filter>
    </ClInclude>
    <ClInclude Include="..\..\..\asio2\util\defer.hpp">
      <Filter>asio2\util</Filter>
    </ClInclude>
    <ClInclude Include="..\..\..\asio2\util\des.hpp">
      <Filter>asio2\util</Filter>
    </ClInclude>
    <ClInclude Include="..\..\..\asio2\util\ini.hpp">
      <Filter>asio2\util</Filter>
    </ClInclude>
    <ClInclude Include="..\..\..\asio2\util\logger.hpp">
      <Filter>asio2\util</Filter>
    </ClInclude>
    <ClInclude Include="..\..\..\asio2\util\md5.hpp">
      <Filter>asio2\util</Filter>
    </ClInclude>
    <ClInclude Include="..\..\..\asio2\util\noncopyable.hpp">
      <Filter>asio2\util</Filter>
    </ClInclude>
    <ClInclude Include="..\..\..\asio2\util\spin_lock.hpp">
      <Filter>asio2\util</Filter>
    </ClInclude>
    <ClInclude Include="..\..\..\asio2\util\string.hpp">
      <Filter>asio2\util</Filter>
    </ClInclude>
    <ClInclude Include="..\..\..\asio2\util\thread_pool.hpp">
      <Filter>asio2\util</Filter>
    </ClInclude>
    <ClInclude Include="..\..\..\asio2\asio2.hpp">
      <Filter>asio2</Filter>
    </ClInclude>
    <ClInclude Include="..\..\..\asio2\config.hpp">
      <Filter>asio2</Filter>
    </ClInclude>
    <ClInclude Include="..\..\..\asio2\version.hpp">
      <Filter>asio2</Filter>
    </ClInclude>
    <ClInclude Include="..\..\..\asio2\scp\scp.hpp">
      <Filter>asio2\scp</Filter>
    </ClInclude>
    <ClInclude Include="..\..\..\asio2\http\component\http_send_cp.hpp">
      <Filter>asio2\http\component</Filter>
    </ClInclude>
    <ClInclude Include="..\..\..\asio2\tcp\component\tcp_keepalive_cp.hpp">
      <Filter>asio2\tcp\component</Filter>
    </ClInclude>
    <ClInclude Include="..\..\..\asio2\udp\component\udp_send_cp.hpp">
      <Filter>asio2\udp\component</Filter>
    </ClInclude>
    <ClInclude Include="..\..\..\asio2\udp\udp_cast.hpp">
      <Filter>asio2\udp</Filter>
    </ClInclude>
    <ClInclude Include="..\..\..\asio2\base\detail\function_traits.hpp">
      <Filter>asio2\base\detail</Filter>
    </ClInclude>
    <ClInclude Include="..\..\..\asio2\rpc\rpc_client.hpp">
      <Filter>asio2\rpc</Filter>
    </ClInclude>
    <ClInclude Include="..\..\..\asio2\rpc\rpc_server.hpp">
      <Filter>asio2\rpc</Filter>
    </ClInclude>
    <ClInclude Include="..\..\..\asio2\rpc\rpc_session.hpp">
      <Filter>asio2\rpc</Filter>
    </ClInclude>
    <ClInclude Include="..\..\..\asio2\rpc\impl\rpc_recv_op.hpp">
      <Filter>asio2\rpc</Filter>
    </ClInclude>
    <ClInclude Include="..\..\..\asio2\rpc\detail\rpc_invoker.hpp">
      <Filter>asio2\rpc</Filter>
    </ClInclude>
    <ClInclude Include="..\..\..\asio2\rpc\detail\rpc_protocol.hpp">
      <Filter>asio2\rpc</Filter>
    </ClInclude>
    <ClInclude Include="..\..\..\asio2\rpc\detail\rpc_serialization.hpp">
      <Filter>asio2\rpc</Filter>
    </ClInclude>
    <ClInclude Include="..\..\..\asio2\rpc\component\rpc_call_cp.hpp">
      <Filter>asio2\rpc</Filter>
    </ClInclude>
    <ClInclude Include="..\..\..\asio2\base\timer.hpp">
      <Filter>asio2\base</Filter>
    </ClInclude>
    <ClInclude Include="..\..\..\asio2\3rd\cereal.hpp">
      <Filter>asio2\3rd</Filter>
    </ClInclude>
    <ClInclude Include="..\..\..\openssl\__DECC_INCLUDE_EPILOGUE.H">
      <Filter>asio2\3rd\openssl</Filter>
    </ClInclude>
    <ClInclude Include="..\..\..\openssl\__DECC_INCLUDE_PROLOGUE.H">
      <Filter>asio2\3rd\openssl</Filter>
    </ClInclude>
    <ClInclude Include="..\..\..\openssl\aes.h">
      <Filter>asio2\3rd\openssl</Filter>
    </ClInclude>
    <ClInclude Include="..\..\..\openssl\asn1.h">
      <Filter>asio2\3rd\openssl</Filter>
    </ClInclude>
    <ClInclude Include="..\..\..\openssl\asn1_mac.h">
      <Filter>asio2\3rd\openssl</Filter>
    </ClInclude>
    <ClInclude Include="..\..\..\openssl\asn1t.h">
      <Filter>asio2\3rd\openssl</Filter>
    </ClInclude>
    <ClInclude Include="..\..\..\openssl\async.h">
      <Filter>asio2\3rd\openssl</Filter>
    </ClInclude>
    <ClInclude Include="..\..\..\openssl\bio.h">
      <Filter>asio2\3rd\openssl</Filter>
    </ClInclude>
    <ClInclude Include="..\..\..\openssl\blowfish.h">
      <Filter>asio2\3rd\openssl</Filter>
    </ClInclude>
    <ClInclude Include="..\..\..\openssl\bn.h">
      <Filter>asio2\3rd\openssl</Filter>
    </ClInclude>
    <ClInclude Include="..\..\..\openssl\buffer.h">
      <Filter>asio2\3rd\openssl</Filter>
    </ClInclude>
    <ClInclude Include="..\..\..\openssl\camellia.h">
      <Filter>asio2\3rd\openssl</Filter>
    </ClInclude>
    <ClInclude Include="..\..\..\openssl\cast.h">
      <Filter>asio2\3rd\openssl</Filter>
    </ClInclude>
    <ClInclude Include="..\..\..\openssl\cmac.h">
      <Filter>asio2\3rd\openssl</Filter>
    </ClInclude>
    <ClInclude Include="..\..\..\openssl\cms.h">
      <Filter>asio2\3rd\openssl</Filter>
    </ClInclude>
    <ClInclude Include="..\..\..\openssl\comp.h">
      <Filter>asio2\3rd\openssl</Filter>
    </ClInclude>
    <ClInclude Include="..\..\..\openssl\conf.h">
      <Filter>asio2\3rd\openssl</Filter>
    </ClInclude>
    <ClInclude Include="..\..\..\openssl\conf_api.h">
      <Filter>asio2\3rd\openssl</Filter>
    </ClInclude>
    <ClInclude Include="..\..\..\openssl\crypto.h">
      <Filter>asio2\3rd\openssl</Filter>
    </ClInclude>
    <ClInclude Include="..\..\..\openssl\ct.h">
      <Filter>asio2\3rd\openssl</Filter>
    </ClInclude>
    <ClInclude Include="..\..\..\openssl\des.h">
      <Filter>asio2\3rd\openssl</Filter>
    </ClInclude>
    <ClInclude Include="..\..\..\openssl\dh.h">
      <Filter>asio2\3rd\openssl</Filter>
    </ClInclude>
    <ClInclude Include="..\..\..\openssl\dsa.h">
      <Filter>asio2\3rd\openssl</Filter>
    </ClInclude>
    <ClInclude Include="..\..\..\openssl\dtls1.h">
      <Filter>asio2\3rd\openssl</Filter>
    </ClInclude>
    <ClInclude Include="..\..\..\openssl\e_os2.h">
      <Filter>asio2\3rd\openssl</Filter>
    </ClInclude>
    <ClInclude Include="..\..\..\openssl\ebcdic.h">
      <Filter>asio2\3rd\openssl</Filter>
    </ClInclude>
    <ClInclude Include="..\..\..\openssl\ec.h">
      <Filter>asio2\3rd\openssl</Filter>
    </ClInclude>
    <ClInclude Include="..\..\..\openssl\ecdh.h">
      <Filter>asio2\3rd\openssl</Filter>
    </ClInclude>
    <ClInclude Include="..\..\..\openssl\ecdsa.h">
      <Filter>asio2\3rd\openssl</Filter>
    </ClInclude>
    <ClInclude Include="..\..\..\openssl\engine.h">
      <Filter>asio2\3rd\openssl</Filter>
    </ClInclude>
    <ClInclude Include="..\..\..\openssl\err.h">
      <Filter>asio2\3rd\openssl</Filter>
    </ClInclude>
    <ClInclude Include="..\..\..\openssl\evp.h">
      <Filter>asio2\3rd\openssl</Filter>
    </ClInclude>
    <ClInclude Include="..\..\..\openssl\hmac.h">
      <Filter>asio2\3rd\openssl</Filter>
    </ClInclude>
    <ClInclude Include="..\..\..\openssl\idea.h">
      <Filter>asio2\3rd\openssl</Filter>
    </ClInclude>
    <ClInclude Include="..\..\..\openssl\kdf.h">
      <Filter>asio2\3rd\openssl</Filter>
    </ClInclude>
    <ClInclude Include="..\..\..\openssl\lhash.h">
      <Filter>asio2\3rd\openssl</Filter>
    </ClInclude>
    <ClInclude Include="..\..\..\openssl\md2.h">
      <Filter>asio2\3rd\openssl</Filter>
    </ClInclude>
    <ClInclude Include="..\..\..\openssl\md4.h">
      <Filter>asio2\3rd\openssl</Filter>
    </ClInclude>
    <ClInclude Include="..\..\..\openssl\md5.h">
      <Filter>asio2\3rd\openssl</Filter>
    </ClInclude>
    <ClInclude Include="..\..\..\openssl\mdc2.h">
      <Filter>asio2\3rd\openssl</Filter>
    </ClInclude>
    <ClInclude Include="..\..\..\openssl\modes.h">
      <Filter>asio2\3rd\openssl</Filter>
    </ClInclude>
    <ClInclude Include="..\..\..\openssl\obj_mac.h">
      <Filter>asio2\3rd\openssl</Filter>
    </ClInclude>
    <ClInclude Include="..\..\..\openssl\objects.h">
      <Filter>asio2\3rd\openssl</Filter>
    </ClInclude>
    <ClInclude Include="..\..\..\openssl\ocsp.h">
      <Filter>asio2\3rd\openssl</Filter>
    </ClInclude>
    <ClInclude Include="..\..\..\openssl\opensslconf.h">
      <Filter>asio2\3rd\openssl</Filter>
    </ClInclude>
    <ClInclude Include="..\..\..\openssl\opensslconf_linux64.h">
      <Filter>asio2\3rd\openssl</Filter>
    </ClInclude>
    <ClInclude Include="..\..\..\openssl\opensslconf_win32.h">
      <Filter>asio2\3rd\openssl</Filter>
    </ClInclude>
    <ClInclude Include="..\..\..\openssl\opensslconf_win64.h">
      <Filter>asio2\3rd\openssl</Filter>
    </ClInclude>
    <ClInclude Include="..\..\..\openssl\opensslv.h">
      <Filter>asio2\3rd\openssl</Filter>
    </ClInclude>
    <ClInclude Include="..\..\..\openssl\ossl_typ.h">
      <Filter>asio2\3rd\openssl</Filter>
    </ClInclude>
    <ClInclude Include="..\..\..\openssl\pem.h">
      <Filter>asio2\3rd\openssl</Filter>
    </ClInclude>
    <ClInclude Include="..\..\..\openssl\pem2.h">
      <Filter>asio2\3rd\openssl</Filter>
    </ClInclude>
    <ClInclude Include="..\..\..\openssl\pkcs7.h">
      <Filter>asio2\3rd\openssl</Filter>
    </ClInclude>
    <ClInclude Include="..\..\..\openssl\pkcs12.h">
      <Filter>asio2\3rd\openssl</Filter>
    </ClInclude>
    <ClInclude Include="..\..\..\openssl\rand.h">
      <Filter>asio2\3rd\openssl</Filter>
    </ClInclude>
    <ClInclude Include="..\..\..\openssl\rc2.h">
      <Filter>asio2\3rd\openssl</Filter>
    </ClInclude>
    <ClInclude Include="..\..\..\openssl\rc4.h">
      <Filter>asio2\3rd\openssl</Filter>
    </ClInclude>
    <ClInclude Include="..\..\..\openssl\rc5.h">
      <Filter>asio2\3rd\openssl</Filter>
    </ClInclude>
    <ClInclude Include="..\..\..\openssl\ripemd.h">
      <Filter>asio2\3rd\openssl</Filter>
    </ClInclude>
    <ClInclude Include="..\..\..\openssl\rsa.h">
      <Filter>asio2\3rd\openssl</Filter>
    </ClInclude>
    <ClInclude Include="..\..\..\openssl\safestack.h">
      <Filter>asio2\3rd\openssl</Filter>
    </ClInclude>
    <ClInclude Include="..\..\..\openssl\seed.h">
      <Filter>asio2\3rd\openssl</Filter>
    </ClInclude>
    <ClInclude Include="..\..\..\openssl\sha.h">
      <Filter>asio2\3rd\openssl</Filter>
    </ClInclude>
    <ClInclude Include="..\..\..\openssl\srp.h">
      <Filter>asio2\3rd\openssl</Filter>
    </ClInclude>
    <ClInclude Include="..\..\..\openssl\srtp.h">
      <Filter>asio2\3rd\openssl</Filter>
    </ClInclude>
    <ClInclude Include="..\..\..\openssl\ssl.h">
      <Filter>asio2\3rd\openssl</Filter>
    </ClInclude>
    <ClInclude Include="..\..\..\openssl\ssl2.h">
      <Filter>asio2\3rd\openssl</Filter>
    </ClInclude>
    <ClInclude Include="..\..\..\openssl\ssl3.h">
      <Filter>asio2\3rd\openssl</Filter>
    </ClInclude>
    <ClInclude Include="..\..\..\openssl\stack.h">
      <Filter>asio2\3rd\openssl</Filter>
    </ClInclude>
    <ClInclude Include="..\..\..\openssl\symhacks.h">
      <Filter>asio2\3rd\openssl</Filter>
    </ClInclude>
    <ClInclude Include="..\..\..\openssl\tls1.h">
      <Filter>asio2\3rd\openssl</Filter>
    </ClInclude>
    <ClInclude Include="..\..\..\openssl\ts.h">
      <Filter>asio2\3rd\openssl</Filter>
    </ClInclude>
    <ClInclude Include="..\..\..\openssl\txt_db.h">
      <Filter>asio2\3rd\openssl</Filter>
    </ClInclude>
    <ClInclude Include="..\..\..\openssl\ui.h">
      <Filter>asio2\3rd\openssl</Filter>
    </ClInclude>
    <ClInclude Include="..\..\..\openssl\whrlpool.h">
      <Filter>asio2\3rd\openssl</Filter>
    </ClInclude>
    <ClInclude Include="..\..\..\openssl\x509.h">
      <Filter>asio2\3rd\openssl</Filter>
    </ClInclude>
    <ClInclude Include="..\..\..\openssl\x509_vfy.h">
      <Filter>asio2\3rd\openssl</Filter>
    </ClInclude>
    <ClInclude Include="..\..\..\openssl\x509v3.h">
      <Filter>asio2\3rd\openssl</Filter>
    </ClInclude>
    <ClInclude Include="..\..\..\asio2\icmp\detail\ipv6_header.hpp">
      <Filter>asio2\icmp</Filter>
    </ClInclude>
    <ClInclude Include="..\..\..\asio2\base\component\connect_cp.hpp">
      <Filter>asio2\base\component</Filter>
    </ClInclude>
    <ClInclude Include="..\..\..\asio2\base\component\connect_time_cp.hpp">
      <Filter>asio2\base\component</Filter>
    </ClInclude>
    <ClInclude Include="..\..\..\asio2\base\component\connect_timeout_cp.hpp">
      <Filter>asio2\base\component</Filter>
    </ClInclude>
    <ClInclude Include="..\..\..\asio2\base\component\data_persistence_cp.hpp">
      <Filter>asio2\base\component</Filter>
    </ClInclude>
    <ClInclude Include="..\..\..\asio2\base\component\event_queue_cp.hpp">
      <Filter>asio2\base\component</Filter>
    </ClInclude>
    <ClInclude Include="..\..\..\asio2\base\component\local_endpoint_cp.hpp">
      <Filter>asio2\base\component</Filter>
    </ClInclude>
    <ClInclude Include="..\..\..\asio2\base\component\post_cp.hpp">
      <Filter>asio2\base\component</Filter>
    </ClInclude>
    <ClInclude Include="..\..\..\asio2\base\component\reconnect_timer_cp.hpp">
      <Filter>asio2\base\component</Filter>
    </ClInclude>
    <ClInclude Include="..\..\..\asio2\base\component\send_cp.hpp">
      <Filter>asio2\base\component</Filter>
    </ClInclude>
    <ClInclude Include="..\..\..\asio2\base\component\silence_timer_cp.hpp">
      <Filter>asio2\base\component</Filter>
    </ClInclude>
    <ClInclude Include="..\..\..\asio2\base\component\socket_cp.hpp">
      <Filter>asio2\base\component</Filter>
    </ClInclude>
    <ClInclude Include="..\..\..\asio2\base\component\user_data_cp.hpp">
      <Filter>asio2\base\component</Filter>
    </ClInclude>
    <ClInclude Include="..\..\..\asio2\base\component\user_timer_cp.hpp">
      <Filter>asio2\base\component</Filter>
    </ClInclude>
    <ClInclude Include="..\..\..\asio2\rpc\detail\rpc_portable_binary.hpp">
      <Filter>asio2\rpc</Filter>
    </ClInclude>
    <ClInclude Include="..\..\..\asio2\tcp\component\ssl_context_cp.hpp">
      <Filter>asio2\tcp\component</Filter>
    </ClInclude>
    <ClInclude Include="..\..\..\asio2\base\component\alive_time_cp.hpp">
      <Filter>asio2\base\component</Filter>
    </ClInclude>
    <ClInclude Include="..\..\..\asio2\base\component\disconnect_cp.hpp">
      <Filter>asio2\base\component</Filter>
    </ClInclude>
    <ClInclude Include="..\..\..\asio2\http\request.hpp">
      <Filter>asio2\http</Filter>
    </ClInclude>
    <ClInclude Include="..\..\..\asio2\http\response.hpp">
      <Filter>asio2\http</Filter>
    </ClInclude>
    <ClInclude Include="..\..\..\asio2\http\detail\flex_body.hpp">
      <Filter>asio2\http\detail</Filter>
    </ClInclude>
    <ClInclude Include="..\..\..\asio2\http\detail\http_router.hpp">
      <Filter>asio2\http\detail</Filter>
    </ClInclude>
    <ClInclude Include="..\..\..\asio2\util\aes.hpp">
      <Filter>asio2\util</Filter>
    </ClInclude>
    <ClInclude Include="..\..\..\asio2\util\base64.hpp">
      <Filter>asio2\util</Filter>
    </ClInclude>
    <ClInclude Include="..\..\..\asio2\util\sha1.hpp">
      <Filter>asio2\util</Filter>
    </ClInclude>
    <ClInclude Include="..\..\..\asio2\util\uuid.hpp">
      <Filter>asio2\util</Filter>
    </ClInclude>
    <ClInclude Include="..\..\..\asio2\http\multipart.hpp">
      <Filter>asio2\http</Filter>
    </ClInclude>
    <ClInclude Include="..\..\..\asio2\base\define.hpp">
      <Filter>asio2\base</Filter>
    </ClInclude>
    <ClInclude Include="..\..\..\asio2\base\component\async_event_cp.hpp">
      <Filter>asio2\base\component</Filter>
    </ClInclude>
    <ClInclude Include="..\..\..\asio2\base\component\rdc_call_cp.hpp">
      <Filter>asio2\base\component</Filter>
    </ClInclude>
    <ClInclude Include="..\..\..\asio2\base\detail\rdc_invoker.hpp">
      <Filter>asio2\base\detail</Filter>
    </ClInclude>
  </ItemGroup>
  <ItemGroup>
    <ClCompile Include="..\..\src\tcp\client\general\tcp_client_general.cpp" />
  </ItemGroup>
</Project>