<?xml version="1.0" encoding="utf-8"?>
<Project ToolsVersion="4.0" xmlns="http://schemas.microsoft.com/developer/msbuild/2003">
  <ItemGroup>
    <ClCompile Include="..\src\all_client.cpp" />
  </ItemGroup>
  <ItemGroup>
    <Filter Include="asio2">
      <UniqueIdentifier>{5786c013-da0e-4d27-bd95-784918e58263}</UniqueIdentifier>
    </Filter>
    <Filter Include="asio2\base">
      <UniqueIdentifier>{6a011482-df90-4388-86cc-49f80b610da2}</UniqueIdentifier>
    </Filter>
    <Filter Include="asio2\tcp">
      <UniqueIdentifier>{8003849a-3e9c-4488-ad0a-02ea2035ebdb}</UniqueIdentifier>
    </Filter>
    <Filter Include="asio2\udp">
      <UniqueIdentifier>{692ac0ef-580e-47eb-b8eb-c5cbee10cb84}</UniqueIdentifier>
    </Filter>
    <Filter Include="asio2\http">
      <UniqueIdentifier>{e93effd7-5938-44e8-a756-76685e8a4c8d}</UniqueIdentifier>
    </Filter>
    <Filter Include="asio2\rpc">
      <UniqueIdentifier>{b505b46b-f789-47df-b9d4-def29e30fe5d}</UniqueIdentifier>
    </Filter>
    <Filter Include="asio2\util">
      <UniqueIdentifier>{dcc550e3-2ccf-45a9-aad7-ba3653a465a5}</UniqueIdentifier>
    </Filter>
    <Filter Include="asio2\icmp">
      <UniqueIdentifier>{7a9ef772-bdb2-4ed6-b4c8-2591653f70e9}</UniqueIdentifier>
    </Filter>
  </ItemGroup>
  <ItemGroup>
    <ClInclude Include="..\..\asio2\base\acceptor_impl.hpp">
      <Filter>asio2\base</Filter>
    </ClInclude>
    <ClInclude Include="..\..\asio2\base\client_impl.hpp">
      <Filter>asio2\base</Filter>
    </ClInclude>
    <ClInclude Include="..\..\asio2\base\connection_impl.hpp">
      <Filter>asio2\base</Filter>
    </ClInclude>
    <ClInclude Include="..\..\asio2\base\def.hpp">
      <Filter>asio2\base</Filter>
    </ClInclude>
    <ClInclude Include="..\..\asio2\base\error.hpp">
      <Filter>asio2\base</Filter>
    </ClInclude>
    <ClInclude Include="..\..\asio2\base\io_context_pool.hpp">
      <Filter>asio2\base</Filter>
    </ClInclude>
    <ClInclude Include="..\..\asio2\base\listener.hpp">
      <Filter>asio2\base</Filter>
    </ClInclude>
    <ClInclude Include="..\..\asio2\base\listener_mgr.hpp">
      <Filter>asio2\base</Filter>
    </ClInclude>
    <ClInclude Include="..\..\asio2\base\sender_impl.hpp">
      <Filter>asio2\base</Filter>
    </ClInclude>
    <ClInclude Include="..\..\asio2\base\server_impl.hpp">
      <Filter>asio2\base</Filter>
    </ClInclude>
    <ClInclude Include="..\..\asio2\base\session_impl.hpp">
      <Filter>asio2\base</Filter>
    </ClInclude>
    <ClInclude Include="..\..\asio2\base\session_mgr.hpp">
      <Filter>asio2\base</Filter>
    </ClInclude>
    <ClInclude Include="..\..\asio2\base\session_mgr_impl.hpp">
      <Filter>asio2\base</Filter>
    </ClInclude>
    <ClInclude Include="..\..\asio2\base\socket_helper.hpp">
      <Filter>asio2\base</Filter>
    </ClInclude>
    <ClInclude Include="..\..\asio2\base\url_parser.hpp">
      <Filter>asio2\base</Filter>
    </ClInclude>
    <ClInclude Include="..\..\asio2\http\http_acceptor_impl.hpp">
      <Filter>asio2\http</Filter>
    </ClInclude>
    <ClInclude Include="..\..\asio2\http\http_client_impl.hpp">
      <Filter>asio2\http</Filter>
    </ClInclude>
    <ClInclude Include="..\..\asio2\http\http_connection_impl.hpp">
      <Filter>asio2\http</Filter>
    </ClInclude>
    <ClInclude Include="..\..\asio2\http\http_parser.h">
      <Filter>asio2\http</Filter>
    </ClInclude>
    <ClInclude Include="..\..\asio2\http\http_request.hpp">
      <Filter>asio2\http</Filter>
    </ClInclude>
    <ClInclude Include="..\..\asio2\http\http_request_handler.hpp">
      <Filter>asio2\http</Filter>
    </ClInclude>
    <ClInclude Include="..\..\asio2\http\http_request_parser.hpp">
      <Filter>asio2\http</Filter>
    </ClInclude>
    <ClInclude Include="..\..\asio2\http\http_response.hpp">
      <Filter>asio2\http</Filter>
    </ClInclude>
    <ClInclude Include="..\..\asio2\http\http_response_parser.hpp">
      <Filter>asio2\http</Filter>
    </ClInclude>
    <ClInclude Include="..\..\asio2\http\http_server_impl.hpp">
      <Filter>asio2\http</Filter>
    </ClInclude>
    <ClInclude Include="..\..\asio2\http\http_session_impl.hpp">
      <Filter>asio2\http</Filter>
    </ClInclude>
    <ClInclude Include="..\..\asio2\http\mime_types.hpp">
      <Filter>asio2\http</Filter>
    </ClInclude>
    <ClInclude Include="..\..\asio2\util\buffer.hpp">
      <Filter>asio2\util</Filter>
    </ClInclude>
    <ClInclude Include="..\..\asio2\util\def.hpp">
      <Filter>asio2\util</Filter>
    </ClInclude>
    <ClInclude Include="..\..\asio2\util\helper.hpp">
      <Filter>asio2\util</Filter>
    </ClInclude>
    <ClInclude Include="..\..\asio2\util\logger.hpp">
      <Filter>asio2\util</Filter>
    </ClInclude>
    <ClInclude Include="..\..\asio2\util\pool.hpp">
      <Filter>asio2\util</Filter>
    </ClInclude>
    <ClInclude Include="..\..\asio2\util\rwlock.hpp">
      <Filter>asio2\util</Filter>
    </ClInclude>
    <ClInclude Include="..\..\asio2\util\spin_lock.hpp">
      <Filter>asio2\util</Filter>
    </ClInclude>
    <ClInclude Include="..\..\asio2\util\thread_pool.hpp">
      <Filter>asio2\util</Filter>
    </ClInclude>
    <ClInclude Include="..\..\asio2\rpc\placeholder.hpp">
      <Filter>asio2\rpc</Filter>
    </ClInclude>
    <ClInclude Include="..\..\asio2\udp\udp_acceptor_impl.hpp">
      <Filter>asio2\udp</Filter>
    </ClInclude>
    <ClInclude Include="..\..\asio2\udp\udp_client_impl.hpp">
      <Filter>asio2\udp</Filter>
    </ClInclude>
    <ClInclude Include="..\..\asio2\udp\udp_connection_impl.hpp">
      <Filter>asio2\udp</Filter>
    </ClInclude>
    <ClInclude Include="..\..\asio2\udp\udp_sender_impl.hpp">
      <Filter>asio2\udp</Filter>
    </ClInclude>
    <ClInclude Include="..\..\asio2\udp\udp_server_impl.hpp">
      <Filter>asio2\udp</Filter>
    </ClInclude>
    <ClInclude Include="..\..\asio2\udp\udp_session_impl.hpp">
      <Filter>asio2\udp</Filter>
    </ClInclude>
    <ClInclude Include="..\..\asio2\tcp\tcp_acceptor_impl.hpp">
      <Filter>asio2\tcp</Filter>
    </ClInclude>
    <ClInclude Include="..\..\asio2\tcp\tcp_auto_client_impl.hpp">
      <Filter>asio2\tcp</Filter>
    </ClInclude>
    <ClInclude Include="..\..\asio2\tcp\tcp_auto_connection_impl.hpp">
      <Filter>asio2\tcp</Filter>
    </ClInclude>
    <ClInclude Include="..\..\asio2\tcp\tcp_auto_session_impl.hpp">
      <Filter>asio2\tcp</Filter>
    </ClInclude>
    <ClInclude Include="..\..\asio2\tcp\tcp_client_impl.hpp">
      <Filter>asio2\tcp</Filter>
    </ClInclude>
    <ClInclude Include="..\..\asio2\tcp\tcp_connection_impl.hpp">
      <Filter>asio2\tcp</Filter>
    </ClInclude>
    <ClInclude Include="..\..\asio2\tcp\tcp_pack_acceptor_impl.hpp">
      <Filter>asio2\tcp</Filter>
    </ClInclude>
    <ClInclude Include="..\..\asio2\tcp\tcp_pack_client_impl.hpp">
      <Filter>asio2\tcp</Filter>
    </ClInclude>
    <ClInclude Include="..\..\asio2\tcp\tcp_pack_connection_impl.hpp">
      <Filter>asio2\tcp</Filter>
    </ClInclude>
    <ClInclude Include="..\..\asio2\tcp\tcp_pack_server_impl.hpp">
      <Filter>asio2\tcp</Filter>
    </ClInclude>
    <ClInclude Include="..\..\asio2\tcp\tcp_pack_session_impl.hpp">
      <Filter>asio2\tcp</Filter>
    </ClInclude>
    <ClInclude Include="..\..\asio2\tcp\tcp_server_impl.hpp">
      <Filter>asio2\tcp</Filter>
    </ClInclude>
    <ClInclude Include="..\..\asio2\tcp\tcp_session_impl.hpp">
      <Filter>asio2\tcp</Filter>
    </ClInclude>
    <ClInclude Include="..\..\asio2\tcp\tcps_acceptor_impl.hpp">
      <Filter>asio2\tcp</Filter>
    </ClInclude>
    <ClInclude Include="..\..\asio2\tcp\tcps_auto_client_impl.hpp">
      <Filter>asio2\tcp</Filter>
    </ClInclude>
    <ClInclude Include="..\..\asio2\tcp\tcps_auto_connection_impl.hpp">
      <Filter>asio2\tcp</Filter>
    </ClInclude>
    <ClInclude Include="..\..\asio2\tcp\tcps_auto_session_impl.hpp">
      <Filter>asio2\tcp</Filter>
    </ClInclude>
    <ClInclude Include="..\..\asio2\tcp\tcps_client_impl.hpp">
      <Filter>asio2\tcp</Filter>
    </ClInclude>
    <ClInclude Include="..\..\asio2\tcp\tcps_connection_impl.hpp">
      <Filter>asio2\tcp</Filter>
    </ClInclude>
    <ClInclude Include="..\..\asio2\tcp\tcps_pack_acceptor_impl.hpp">
      <Filter>asio2\tcp</Filter>
    </ClInclude>
    <ClInclude Include="..\..\asio2\tcp\tcps_pack_client_impl.hpp">
      <Filter>asio2\tcp</Filter>
    </ClInclude>
    <ClInclude Include="..\..\asio2\tcp\tcps_pack_connection_impl.hpp">
      <Filter>asio2\tcp</Filter>
    </ClInclude>
    <ClInclude Include="..\..\asio2\tcp\tcps_pack_server_impl.hpp">
      <Filter>asio2\tcp</Filter>
    </ClInclude>
    <ClInclude Include="..\..\asio2\tcp\tcps_pack_session_impl.hpp">
      <Filter>asio2\tcp</Filter>
    </ClInclude>
    <ClInclude Include="..\..\asio2\tcp\tcps_server_impl.hpp">
      <Filter>asio2\tcp</Filter>
    </ClInclude>
    <ClInclude Include="..\..\asio2\tcp\tcps_session_impl.hpp">
      <Filter>asio2\tcp</Filter>
    </ClInclude>
    <ClInclude Include="..\..\asio2\icmp\icmp_header.hpp">
      <Filter>asio2\icmp</Filter>
    </ClInclude>
    <ClInclude Include="..\..\asio2\icmp\icmp_sender_impl.hpp">
      <Filter>asio2\icmp</Filter>
    </ClInclude>
    <ClInclude Include="..\..\asio2\icmp\ipv4_header.hpp">
      <Filter>asio2\icmp</Filter>
    </ClInclude>
    <ClInclude Include="..\..\asio2\asio2.hpp">
      <Filter>asio2</Filter>
    </ClInclude>
    <ClInclude Include="..\..\asio2\client.hpp">
      <Filter>asio2</Filter>
    </ClInclude>
    <ClInclude Include="..\..\asio2\sender.hpp">
      <Filter>asio2</Filter>
    </ClInclude>
    <ClInclude Include="..\..\asio2\server.hpp">
      <Filter>asio2</Filter>
    </ClInclude>
  </ItemGroup>
</Project>