<?xml version="1.0" encoding="utf-8"?>
<Project ToolsVersion="4.0" xmlns="http://schemas.microsoft.com/developer/msbuild/2003">
  <ItemGroup>
    <Filter Include="asio2">
      <UniqueIdentifier>{830a9a3f-7db9-4018-83c8-e0cd9d528fa5}</UniqueIdentifier>
    </Filter>
    <Filter Include="asio2\util">
      <UniqueIdentifier>{8ce517cf-9906-4458-9ee1-f97e16790b09}</UniqueIdentifier>
    </Filter>
    <Filter Include="asio2\base">
      <UniqueIdentifier>{6002fb7e-f11f-43ed-a403-e667f4cec7e3}</UniqueIdentifier>
    </Filter>
    <Filter Include="asio2\udp">
      <UniqueIdentifier>{1e274046-ed63-41c5-b5e0-ecd1eed8e7eb}</UniqueIdentifier>
    </Filter>
    <Filter Include="asio2\tcp">
      <UniqueIdentifier>{ac709bbb-e482-4c40-a5c8-53daeaf2a48a}</UniqueIdentifier>
    </Filter>
    <Filter Include="asio2\rpc">
      <UniqueIdentifier>{a2751212-5189-473a-b931-e2bf28edab28}</UniqueIdentifier>
    </Filter>
    <Filter Include="asio2\icmp">
      <UniqueIdentifier>{46fe98d4-b9e1-4ba6-8416-644fdb02c5be}</UniqueIdentifier>
    </Filter>
    <Filter Include="asio2\http">
      <UniqueIdentifier>{804dd2de-781e-4769-9f3b-0b4957eeb86d}</UniqueIdentifier>
    </Filter>
    <Filter Include="asio2\base\component">
      <UniqueIdentifier>{3f0b6e4f-e0fb-4db7-b2d8-e829802c50b5}</UniqueIdentifier>
    </Filter>
    <Filter Include="asio2\base\detail">
      <UniqueIdentifier>{823059f4-ff2d-4392-ad0f-e07e7b8ab496}</UniqueIdentifier>
    </Filter>
    <Filter Include="asio2\http\component">
      <UniqueIdentifier>{fffe2c06-5b75-46e6-93c8-099c8e200c1a}</UniqueIdentifier>
    </Filter>
    <Filter Include="asio2\http\detail">
      <UniqueIdentifier>{a7a6ccae-0d93-4f07-9565-f4226e2d8862}</UniqueIdentifier>
    </Filter>
    <Filter Include="asio2\http\impl">
      <UniqueIdentifier>{c20036bd-90ee-48f0-a4cf-926caee91d8e}</UniqueIdentifier>
    </Filter>
    <Filter Include="asio2\tcp\component">
      <UniqueIdentifier>{15a84c7d-da9e-429d-af56-ed41616640d6}</UniqueIdentifier>
    </Filter>
    <Filter Include="asio2\tcp\impl">
      <UniqueIdentifier>{437bed39-4e03-4854-a51e-4281a01c7aff}</UniqueIdentifier>
    </Filter>
    <Filter Include="asio2\scp">
      <UniqueIdentifier>{2a9d1bb3-1de5-409f-b9c1-ca4796a0734f}</UniqueIdentifier>
    </Filter>
    <Filter Include="asio2\udp\component">
      <UniqueIdentifier>{a410c8c3-b117-49fc-bc45-ea4636561ca1}</UniqueIdentifier>
    </Filter>
    <Filter Include="asio2\udp\detail">
      <UniqueIdentifier>{cfba0274-de7b-429b-bdf7-117858bb5515}</UniqueIdentifier>
    </Filter>
    <Filter Include="asio2\udp\impl">
      <UniqueIdentifier>{67b71161-06c3-4e32-8b8d-8adafef75834}</UniqueIdentifier>
    </Filter>
    <Filter Include="asio2\rpc\component">
      <UniqueIdentifier>{a588030e-8427-4c10-9e64-eb5c9b74ecac}</UniqueIdentifier>
    </Filter>
    <Filter Include="asio2\rpc\detail">
      <UniqueIdentifier>{5bd9ee28-3377-409a-809d-4f862b507265}</UniqueIdentifier>
    </Filter>
    <Filter Include="asio2\rpc\impl">
      <UniqueIdentifier>{49be7d6e-4790-46d5-9787-e8b6d8a7be33}</UniqueIdentifier>
    </Filter>
    <Filter Include="asio2\3rd">
      <UniqueIdentifier>{1cd64b38-f07e-4321-a086-b5ea679c9cc9}</UniqueIdentifier>
    </Filter>
    <Filter Include="asio2\3rd\fmt">
      <UniqueIdentifier>{9b49f093-9f5f-41e4-a8fd-59c94954b4d9}</UniqueIdentifier>
    </Filter>
    <Filter Include="asio2\3rd\openssl">
      <UniqueIdentifier>{bd975937-b093-43be-8799-6b1b4ae0d919}</UniqueIdentifier>
    </Filter>
  </ItemGroup>
  <ItemGroup>
    <ClCompile Include="..\..\src\http\client\http_client.cpp" />
  </ItemGroup>
  <ItemGroup>
    <ClInclude Include="..\..\..\asio2\3rd\cereal.hpp">
      <Filter>asio2\3rd</Filter>
    </ClInclude>
    <ClInclude Include="..\..\..\asio2\base\client.hpp">
      <Filter>asio2\base</Filter>
    </ClInclude>
    <ClInclude Include="..\..\..\asio2\base\define.hpp">
      <Filter>asio2\base</Filter>
    </ClInclude>
    <ClInclude Include="..\..\..\asio2\base\error.hpp">
      <Filter>asio2\base</Filter>
    </ClInclude>
    <ClInclude Include="..\..\..\asio2\base\iopool.hpp">
      <Filter>asio2\base</Filter>
    </ClInclude>
    <ClInclude Include="..\..\..\asio2\base\listener.hpp">
      <Filter>asio2\base</Filter>
    </ClInclude>
    <ClInclude Include="..\..\..\asio2\base\selector.hpp">
      <Filter>asio2\base</Filter>
    </ClInclude>
    <ClInclude Include="..\..\..\asio2\base\server.hpp">
      <Filter>asio2\base</Filter>
    </ClInclude>
    <ClInclude Include="..\..\..\asio2\base\session.hpp">
      <Filter>asio2\base</Filter>
    </ClInclude>
    <ClInclude Include="..\..\..\asio2\base\session_mgr.hpp">
      <Filter>asio2\base</Filter>
    </ClInclude>
    <ClInclude Include="..\..\..\asio2\base\timer.hpp">
      <Filter>asio2\base</Filter>
    </ClInclude>
    <ClInclude Include="..\..\..\asio2\base\component\alive_time_cp.hpp">
      <Filter>asio2\base\component</Filter>
    </ClInclude>
    <ClInclude Include="..\..\..\asio2\base\component\async_event_cp.hpp">
      <Filter>asio2\base\component</Filter>
    </ClInclude>
    <ClInclude Include="..\..\..\asio2\base\component\connect_cp.hpp">
      <Filter>asio2\base\component</Filter>
    </ClInclude>
    <ClInclude Include="..\..\..\asio2\base\component\connect_time_cp.hpp">
      <Filter>asio2\base\component</Filter>
    </ClInclude>
    <ClInclude Include="..\..\..\asio2\base\component\connect_timeout_cp.hpp">
      <Filter>asio2\base\component</Filter>
    </ClInclude>
    <ClInclude Include="..\..\..\asio2\base\component\data_persistence_cp.hpp">
      <Filter>asio2\base\component</Filter>
    </ClInclude>
    <ClInclude Include="..\..\..\asio2\base\component\disconnect_cp.hpp">
      <Filter>asio2\base\component</Filter>
    </ClInclude>
    <ClInclude Include="..\..\..\asio2\base\component\event_queue_cp.hpp">
      <Filter>asio2\base\component</Filter>
    </ClInclude>
    <ClInclude Include="..\..\..\asio2\base\component\local_endpoint_cp.hpp">
      <Filter>asio2\base\component</Filter>
    </ClInclude>
    <ClInclude Include="..\..\..\asio2\base\component\post_cp.hpp">
      <Filter>asio2\base\component</Filter>
    </ClInclude>
    <ClInclude Include="..\..\..\asio2\base\component\rdc_call_cp.hpp">
      <Filter>asio2\base\component</Filter>
    </ClInclude>
    <ClInclude Include="..\..\..\asio2\base\component\reconnect_timer_cp.hpp">
      <Filter>asio2\base\component</Filter>
    </ClInclude>
    <ClInclude Include="..\..\..\asio2\base\component\send_cp.hpp">
      <Filter>asio2\base\component</Filter>
    </ClInclude>
    <ClInclude Include="..\..\..\asio2\base\component\silence_timer_cp.hpp">
      <Filter>asio2\base\component</Filter>
    </ClInclude>
    <ClInclude Include="..\..\..\asio2\base\component\socket_cp.hpp">
      <Filter>asio2\base\component</Filter>
    </ClInclude>
    <ClInclude Include="..\..\..\asio2\base\component\user_data_cp.hpp">
      <Filter>asio2\base\component</Filter>
    </ClInclude>
    <ClInclude Include="..\..\..\asio2\base\component\user_timer_cp.hpp">
      <Filter>asio2\base\component</Filter>
    </ClInclude>
    <ClInclude Include="..\..\..\asio2\base\detail\allocator.hpp">
      <Filter>asio2\base\detail</Filter>
    </ClInclude>
    <ClInclude Include="..\..\..\asio2\base\detail\buffer_wrap.hpp">
      <Filter>asio2\base\detail</Filter>
    </ClInclude>
    <ClInclude Include="..\..\..\asio2\base\detail\condition_wrap.hpp">
      <Filter>asio2\base\detail</Filter>
    </ClInclude>
    <ClInclude Include="..\..\..\asio2\base\detail\function_traits.hpp">
      <Filter>asio2\base\detail</Filter>
    </ClInclude>
    <ClInclude Include="..\..\..\asio2\base\detail\linear_buffer.hpp">
      <Filter>asio2\base\detail</Filter>
    </ClInclude>
    <ClInclude Include="..\..\..\asio2\base\detail\object.hpp">
      <Filter>asio2\base\detail</Filter>
    </ClInclude>
    <ClInclude Include="..\..\..\asio2\base\detail\rdc_invoker.hpp">
      <Filter>asio2\base\detail</Filter>
    </ClInclude>
    <ClInclude Include="..\..\..\asio2\base\detail\util.hpp">
      <Filter>asio2\base\detail</Filter>
    </ClInclude>
    <ClInclude Include="..\..\..\asio2\http\http_client.hpp">
      <Filter>asio2\http</Filter>
    </ClInclude>
    <ClInclude Include="..\..\..\asio2\http\http_server.hpp">
      <Filter>asio2\http</Filter>
    </ClInclude>
    <ClInclude Include="..\..\..\asio2\http\http_session.hpp">
      <Filter>asio2\http</Filter>
    </ClInclude>
    <ClInclude Include="..\..\..\asio2\http\https_client.hpp">
      <Filter>asio2\http</Filter>
    </ClInclude>
    <ClInclude Include="..\..\..\asio2\http\https_server.hpp">
      <Filter>asio2\http</Filter>
    </ClInclude>
    <ClInclude Include="..\..\..\asio2\http\https_session.hpp">
      <Filter>asio2\http</Filter>
    </ClInclude>
    <ClInclude Include="..\..\..\asio2\http\multipart.hpp">
      <Filter>asio2\http</Filter>
    </ClInclude>
    <ClInclude Include="..\..\..\asio2\http\request.hpp">
      <Filter>asio2\http</Filter>
    </ClInclude>
    <ClInclude Include="..\..\..\asio2\http\response.hpp">
      <Filter>asio2\http</Filter>
    </ClInclude>
    <ClInclude Include="..\..\..\asio2\http\ws_client.hpp">
      <Filter>asio2\http</Filter>
    </ClInclude>
    <ClInclude Include="..\..\..\asio2\http\ws_server.hpp">
      <Filter>asio2\http</Filter>
    </ClInclude>
    <ClInclude Include="..\..\..\asio2\http\ws_session.hpp">
      <Filter>asio2\http</Filter>
    </ClInclude>
    <ClInclude Include="..\..\..\asio2\http\wss_client.hpp">
      <Filter>asio2\http</Filter>
    </ClInclude>
    <ClInclude Include="..\..\..\asio2\http\wss_server.hpp">
      <Filter>asio2\http</Filter>
    </ClInclude>
    <ClInclude Include="..\..\..\asio2\http\wss_session.hpp">
      <Filter>asio2\http</Filter>
    </ClInclude>
    <ClInclude Include="..\..\..\asio2\http\component\http_send_cp.hpp">
      <Filter>asio2\http\component</Filter>
    </ClInclude>
    <ClInclude Include="..\..\..\asio2\http\component\ws_stream_cp.hpp">
      <Filter>asio2\http\component</Filter>
    </ClInclude>
    <ClInclude Include="..\..\..\asio2\http\detail\flex_body.hpp">
      <Filter>asio2\http\detail</Filter>
    </ClInclude>
    <ClInclude Include="..\..\..\asio2\http\detail\http_parser.h">
      <Filter>asio2\http\detail</Filter>
    </ClInclude>
    <ClInclude Include="..\..\..\asio2\http\detail\http_util.hpp">
      <Filter>asio2\http\detail</Filter>
    </ClInclude>
    <ClInclude Include="..\..\..\asio2\http\detail\mime_types.hpp">
      <Filter>asio2\http\detail</Filter>
    </ClInclude>
    <ClInclude Include="..\..\..\asio2\http\detail\http_router.hpp">
      <Filter>asio2\http\detail</Filter>
    </ClInclude>
    <ClInclude Include="..\..\..\asio2\http\impl\http_recv_op.hpp">
      <Filter>asio2\http\impl</Filter>
    </ClInclude>
    <ClInclude Include="..\..\..\asio2\http\impl\http_send_op.hpp">
      <Filter>asio2\http\impl</Filter>
    </ClInclude>
    <ClInclude Include="..\..\..\asio2\http\impl\ws_send_op.hpp">
      <Filter>asio2\http\impl</Filter>
    </ClInclude>
    <ClInclude Include="..\..\..\asio2\icmp\ping.hpp">
      <Filter>asio2\icmp</Filter>
    </ClInclude>
    <ClInclude Include="..\..\..\asio2\icmp\detail\icmp_header.hpp">
      <Filter>asio2\icmp</Filter>
    </ClInclude>
    <ClInclude Include="..\..\..\asio2\icmp\detail\ipv4_header.hpp">
      <Filter>asio2\icmp</Filter>
    </ClInclude>
    <ClInclude Include="..\..\..\asio2\icmp\detail\ipv6_header.hpp">
      <Filter>asio2\icmp</Filter>
    </ClInclude>
    <ClInclude Include="..\..\..\asio2\rpc\rpc_client.hpp">
      <Filter>asio2\rpc</Filter>
    </ClInclude>
    <ClInclude Include="..\..\..\asio2\rpc\rpc_server.hpp">
      <Filter>asio2\rpc</Filter>
    </ClInclude>
    <ClInclude Include="..\..\..\asio2\rpc\rpc_session.hpp">
      <Filter>asio2\rpc</Filter>
    </ClInclude>
    <ClInclude Include="..\..\..\asio2\rpc\component\rpc_call_cp.hpp">
      <Filter>asio2\rpc\component</Filter>
    </ClInclude>
    <ClInclude Include="..\..\..\asio2\rpc\detail\rpc_portable_binary.hpp">
      <Filter>asio2\rpc\detail</Filter>
    </ClInclude>
    <ClInclude Include="..\..\..\asio2\rpc\impl\rpc_recv_op.hpp">
      <Filter>asio2\rpc\impl</Filter>
    </ClInclude>
    <ClInclude Include="..\..\..\asio2\scp\scp.hpp">
      <Filter>asio2\scp</Filter>
    </ClInclude>
    <ClInclude Include="..\..\..\asio2\tcp\tcp_client.hpp">
      <Filter>asio2\tcp</Filter>
    </ClInclude>
    <ClInclude Include="..\..\..\asio2\tcp\tcp_server.hpp">
      <Filter>asio2\tcp</Filter>
    </ClInclude>
    <ClInclude Include="..\..\..\asio2\tcp\tcp_session.hpp">
      <Filter>asio2\tcp</Filter>
    </ClInclude>
    <ClInclude Include="..\..\..\asio2\tcp\tcps_client.hpp">
      <Filter>asio2\tcp</Filter>
    </ClInclude>
    <ClInclude Include="..\..\..\asio2\tcp\tcps_server.hpp">
      <Filter>asio2\tcp</Filter>
    </ClInclude>
    <ClInclude Include="..\..\..\asio2\tcp\tcps_session.hpp">
      <Filter>asio2\tcp</Filter>
    </ClInclude>
    <ClInclude Include="..\..\..\asio2\tcp\component\ssl_context_cp.hpp">
      <Filter>asio2\tcp\component</Filter>
    </ClInclude>
    <ClInclude Include="..\..\..\asio2\tcp\component\ssl_stream_cp.hpp">
      <Filter>asio2\tcp\component</Filter>
    </ClInclude>
    <ClInclude Include="..\..\..\asio2\tcp\component\tcp_keepalive_cp.hpp">
      <Filter>asio2\tcp\component</Filter>
    </ClInclude>
    <ClInclude Include="..\..\..\asio2\tcp\impl\tcp_recv_op.hpp">
      <Filter>asio2\tcp\impl</Filter>
    </ClInclude>
    <ClInclude Include="..\..\..\asio2\tcp\impl\tcp_send_op.hpp">
      <Filter>asio2\tcp\impl</Filter>
    </ClInclude>
    <ClInclude Include="..\..\..\asio2\udp\udp_cast.hpp">
      <Filter>asio2\udp</Filter>
    </ClInclude>
    <ClInclude Include="..\..\..\asio2\udp\udp_client.hpp">
      <Filter>asio2\udp</Filter>
    </ClInclude>
    <ClInclude Include="..\..\..\asio2\udp\udp_server.hpp">
      <Filter>asio2\udp</Filter>
    </ClInclude>
    <ClInclude Include="..\..\..\asio2\udp\udp_session.hpp">
      <Filter>asio2\udp</Filter>
    </ClInclude>
    <ClInclude Include="..\..\..\asio2\udp\component\kcp_stream_cp.hpp">
      <Filter>asio2\udp\component</Filter>
    </ClInclude>
    <ClInclude Include="..\..\..\asio2\udp\component\udp_send_cp.hpp">
      <Filter>asio2\udp\component</Filter>
    </ClInclude>
    <ClInclude Include="..\..\..\asio2\udp\detail\ikcp.h">
      <Filter>asio2\udp\detail</Filter>
    </ClInclude>
    <ClInclude Include="..\..\..\asio2\udp\detail\kcp_util.hpp">
      <Filter>asio2\udp\detail</Filter>
    </ClInclude>
    <ClInclude Include="..\..\..\asio2\udp\impl\udp_send_op.hpp">
      <Filter>asio2\udp\impl</Filter>
    </ClInclude>
    <ClInclude Include="..\..\..\asio2\util\aes.hpp">
      <Filter>asio2\util</Filter>
    </ClInclude>
    <ClInclude Include="..\..\..\asio2\util\base64.hpp">
      <Filter>asio2\util</Filter>
    </ClInclude>
    <ClInclude Include="..\..\..\asio2\util\defer.hpp">
      <Filter>asio2\util</Filter>
    </ClInclude>
    <ClInclude Include="..\..\..\asio2\util\des.hpp">
      <Filter>asio2\util</Filter>
    </ClInclude>
    <ClInclude Include="..\..\..\asio2\util\ini.hpp">
      <Filter>asio2\util</Filter>
    </ClInclude>
    <ClInclude Include="..\..\..\asio2\util\logger.hpp">
      <Filter>asio2\util</Filter>
    </ClInclude>
    <ClInclude Include="..\..\..\asio2\util\md5.hpp">
      <Filter>asio2\util</Filter>
    </ClInclude>
    <ClInclude Include="..\..\..\asio2\util\noncopyable.hpp">
      <Filter>asio2\util</Filter>
    </ClInclude>
    <ClInclude Include="..\..\..\asio2\util\sha1.hpp">
      <Filter>asio2\util</Filter>
    </ClInclude>
    <ClInclude Include="..\..\..\asio2\util\spin_lock.hpp">
      <Filter>asio2\util</Filter>
    </ClInclude>
    <ClInclude Include="..\..\..\asio2\util\string.hpp">
      <Filter>asio2\util</Filter>
    </ClInclude>
    <ClInclude Include="..\..\..\asio2\util\thread_pool.hpp">
      <Filter>asio2\util</Filter>
    </ClInclude>
    <ClInclude Include="..\..\..\asio2\util\uuid.hpp">
      <Filter>asio2\util</Filter>
    </ClInclude>
    <ClInclude Include="..\..\..\asio2\asio2.hpp">
      <Filter>asio2</Filter>
    </ClInclude>
    <ClInclude Include="..\..\..\asio2\config.hpp">
      <Filter>asio2</Filter>
    </ClInclude>
    <ClInclude Include="..\..\..\asio2\version.hpp">
      <Filter>asio2</Filter>
    </ClInclude>
    <ClInclude Include="..\..\..\asio2\rpc\detail\rpc_invoker.hpp">
      <Filter>asio2\rpc\detail</Filter>
    </ClInclude>
    <ClInclude Include="..\..\..\asio2\rpc\detail\rpc_protocol.hpp">
      <Filter>asio2\rpc\detail</Filter>
    </ClInclude>
    <ClInclude Include="..\..\..\asio2\rpc\detail\rpc_serialization.hpp">
      <Filter>asio2\rpc\detail</Filter>
    </ClInclude>
  </ItemGroup>
</Project>