
Microsoft Visual Studio Solution File, Format Version 12.00
# Visual Studio 15
VisualStudioVersion = 15.0.27130.2036
MinimumVisualStudioVersion = 10.0.40219.1
Project("{8BC9CEB8-8B4A-11D0-8D11-00A0C91BC942}") = "server", "vcproj_linux\server.vcxproj", "{089FAB50-0F45-4C08-B5D3-0ADE668AB9AA}"
EndProject
Global
	GlobalSection(SolutionConfigurationPlatforms) = preSolution
		Debug|ARM = Debug|ARM
		Debug|x64 = Debug|x64
		Debug|x86 = Debug|x86
		Release|ARM = Release|ARM
		Release|x64 = Release|x64
		Release|x86 = Release|x86
	EndGlobalSection
	GlobalSection(ProjectConfigurationPlatforms) = postSolution
		{089FAB50-0F45-4C08-B5D3-0ADE668AB9AA}.Debug|ARM.ActiveCfg = Debug|ARM
		{089FAB50-0F45-4C08-B5D3-0ADE668AB9AA}.Debug|ARM.Build.0 = Debug|ARM
		{089FAB50-0F45-4C08-B5D3-0ADE668AB9AA}.Debug|x64.ActiveCfg = Debug|x64
		{089FAB50-0F45-4C08-B5D3-0ADE668AB9AA}.Debug|x64.Build.0 = Debug|x64
		{089FAB50-0F45-4C08-B5D3-0ADE668AB9AA}.Debug|x86.ActiveCfg = Debug|x86
		{089FAB50-0F45-4C08-B5D3-0ADE668AB9AA}.Debug|x86.Build.0 = Debug|x86
		{089FAB50-0F45-4C08-B5D3-0ADE668AB9AA}.Release|ARM.ActiveCfg = Release|ARM
		{089FAB50-0F45-4C08-B5D3-0ADE668AB9AA}.Release|ARM.Build.0 = Release|ARM
		{089FAB50-0F45-4C08-B5D3-0ADE668AB9AA}.Release|x64.ActiveCfg = Release|x64
		{089FAB50-0F45-4C08-B5D3-0ADE668AB9AA}.Release|x64.Build.0 = Release|x64
		{089FAB50-0F45-4C08-B5D3-0ADE668AB9AA}.Release|x86.ActiveCfg = Release|x86
		{089FAB50-0F45-4C08-B5D3-0ADE668AB9AA}.Release|x86.Build.0 = Release|x86
	EndGlobalSection
	GlobalSection(SolutionProperties) = preSolution
		HideSolutionNode = FALSE
	EndGlobalSection
	GlobalSection(ExtensibilityGlobals) = postSolution
		SolutionGuid = {179FE6D0-A1E4-4406-8CB5-03F2D4F9F962}
	EndGlobalSection
EndGlobal
