
Microsoft Visual Studio Solution File, Format Version 12.00
# Visual Studio 15
VisualStudioVersion = 15.0.26430.4
MinimumVisualStudioVersion = 10.0.40219.1
Project("{8BC9CEB8-8B4A-11D0-8D11-00A0C91BC942}") = "client", "vcproj_windows\client.vcxproj", "{4FCBBF70-C041-41DA-AF44-902A19659C0A}"
EndProject
Global
	GlobalSection(SolutionConfigurationPlatforms) = preSolution
		Debug|x64 = Debug|x64
		Debug|x86 = Debug|x86
		Release|x64 = Release|x64
		Release|x86 = Release|x86
	EndGlobalSection
	GlobalSection(ProjectConfigurationPlatforms) = postSolution
		{4FCBBF70-C041-41DA-AF44-902A19659C0A}.Debug|x64.ActiveCfg = Debug|x64
		{4FCBBF70-C041-41DA-AF44-902A19659C0A}.Debug|x64.Build.0 = Debug|x64
		{4FCBBF70-C041-41DA-AF44-902A19659C0A}.Debug|x86.ActiveCfg = Debug|Win32
		{4FCBBF70-C041-41DA-AF44-902A19659C0A}.Debug|x86.Build.0 = Debug|Win32
		{4FCBBF70-C041-41DA-AF44-902A19659C0A}.Release|x64.ActiveCfg = Release|x64
		{4FCBBF70-C041-41DA-AF44-902A19659C0A}.Release|x64.Build.0 = Release|x64
		{4FCBBF70-C041-41DA-AF44-902A19659C0A}.Release|x86.ActiveCfg = Release|Win32
		{4FCBBF70-C041-41DA-AF44-902A19659C0A}.Release|x86.Build.0 = Release|Win32
	EndGlobalSection
	GlobalSection(SolutionProperties) = preSolution
		HideSolutionNode = FALSE
	EndGlobalSection
	GlobalSection(ExtensibilityGlobals) = postSolution
		SolutionGuid = {BEC58D35-4CC5-44AF-91B0-CF57E041B3A8}
	EndGlobalSection
EndGlobal
