
Microsoft Visual Studio Solution File, Format Version 12.00
# Visual Studio 15
VisualStudioVersion = 15.0.26430.4
MinimumVisualStudioVersion = 10.0.40219.1
Project("{8BC9CEB8-8B4A-11D0-8D11-00A0C91BC942}") = "tcps_client", "vcproj_windows\tcps_client.vcxproj", "{40716D17-BBAE-432E-A5A5-E9DA0BA13CA0}"
EndProject
Project("{8BC9CEB8-8B4A-11D0-8D11-00A0C91BC942}") = "tcp_pack_client", "vcproj_windows\tcp_pack_client.vcxproj", "{B9A9A592-7FFC-4264-B309-D4F6676A3D77}"
EndProject
Project("{8BC9CEB8-8B4A-11D0-8D11-00A0C91BC942}") = "tcp_client", "vcproj_windows\tcp_client.vcxproj", "{BFCAAD15-B2EA-4F58-8DF5-0EB1A237B2AB}"
EndProject
Project("{8BC9CEB8-8B4A-11D0-8D11-00A0C91BC942}") = "all_client", "vcproj_windows\all_client.vcxproj", "{4FCBBF70-C041-41DA-AF44-902A19659C0A}"
EndProject
Project("{8BC9CEB8-8B4A-11D0-8D11-00A0C91BC942}") = "udp_client", "vcproj_windows\udp_client.vcxproj", "{B24F7281-397A-4DBD-8083-D858592E6D24}"
EndProject
Project("{8BC9CEB8-8B4A-11D0-8D11-00A0C91BC942}") = "http_client", "vcproj_windows\http_client.vcxproj", "{05C6B087-F37D-4A5A-8739-8C01654D0ED8}"
EndProject
Global
	GlobalSection(SolutionConfigurationPlatforms) = preSolution
		Debug|x64 = Debug|x64
		Debug|x86 = Debug|x86
		Release|x64 = Release|x64
		Release|x86 = Release|x86
	EndGlobalSection
	GlobalSection(ProjectConfigurationPlatforms) = postSolution
		{40716D17-BBAE-432E-A5A5-E9DA0BA13CA0}.Debug|x64.ActiveCfg = Debug|x64
		{40716D17-BBAE-432E-A5A5-E9DA0BA13CA0}.Debug|x64.Build.0 = Debug|x64
		{40716D17-BBAE-432E-A5A5-E9DA0BA13CA0}.Debug|x86.ActiveCfg = Debug|Win32
		{40716D17-BBAE-432E-A5A5-E9DA0BA13CA0}.Debug|x86.Build.0 = Debug|Win32
		{40716D17-BBAE-432E-A5A5-E9DA0BA13CA0}.Release|x64.ActiveCfg = Release|x64
		{40716D17-BBAE-432E-A5A5-E9DA0BA13CA0}.Release|x64.Build.0 = Release|x64
		{40716D17-BBAE-432E-A5A5-E9DA0BA13CA0}.Release|x86.ActiveCfg = Release|Win32
		{40716D17-BBAE-432E-A5A5-E9DA0BA13CA0}.Release|x86.Build.0 = Release|Win32
		{B9A9A592-7FFC-4264-B309-D4F6676A3D77}.Debug|x64.ActiveCfg = Debug|x64
		{B9A9A592-7FFC-4264-B309-D4F6676A3D77}.Debug|x64.Build.0 = Debug|x64
		{B9A9A592-7FFC-4264-B309-D4F6676A3D77}.Debug|x86.ActiveCfg = Debug|Win32
		{B9A9A592-7FFC-4264-B309-D4F6676A3D77}.Debug|x86.Build.0 = Debug|Win32
		{B9A9A592-7FFC-4264-B309-D4F6676A3D77}.Release|x64.ActiveCfg = Release|x64
		{B9A9A592-7FFC-4264-B309-D4F6676A3D77}.Release|x64.Build.0 = Release|x64
		{B9A9A592-7FFC-4264-B309-D4F6676A3D77}.Release|x86.ActiveCfg = Release|Win32
		{B9A9A592-7FFC-4264-B309-D4F6676A3D77}.Release|x86.Build.0 = Release|Win32
		{BFCAAD15-B2EA-4F58-8DF5-0EB1A237B2AB}.Debug|x64.ActiveCfg = Debug|x64
		{BFCAAD15-B2EA-4F58-8DF5-0EB1A237B2AB}.Debug|x64.Build.0 = Debug|x64
		{BFCAAD15-B2EA-4F58-8DF5-0EB1A237B2AB}.Debug|x86.ActiveCfg = Debug|Win32
		{BFCAAD15-B2EA-4F58-8DF5-0EB1A237B2AB}.Debug|x86.Build.0 = Debug|Win32
		{BFCAAD15-B2EA-4F58-8DF5-0EB1A237B2AB}.Release|x64.ActiveCfg = Release|x64
		{BFCAAD15-B2EA-4F58-8DF5-0EB1A237B2AB}.Release|x64.Build.0 = Release|x64
		{BFCAAD15-B2EA-4F58-8DF5-0EB1A237B2AB}.Release|x86.ActiveCfg = Release|Win32
		{BFCAAD15-B2EA-4F58-8DF5-0EB1A237B2AB}.Release|x86.Build.0 = Release|Win32
		{4FCBBF70-C041-41DA-AF44-902A19659C0A}.Debug|x64.ActiveCfg = Debug|x64
		{4FCBBF70-C041-41DA-AF44-902A19659C0A}.Debug|x64.Build.0 = Debug|x64
		{4FCBBF70-C041-41DA-AF44-902A19659C0A}.Debug|x86.ActiveCfg = Debug|Win32
		{4FCBBF70-C041-41DA-AF44-902A19659C0A}.Debug|x86.Build.0 = Debug|Win32
		{4FCBBF70-C041-41DA-AF44-902A19659C0A}.Release|x64.ActiveCfg = Release|x64
		{4FCBBF70-C041-41DA-AF44-902A19659C0A}.Release|x64.Build.0 = Release|x64
		{4FCBBF70-C041-41DA-AF44-902A19659C0A}.Release|x86.ActiveCfg = Release|Win32
		{4FCBBF70-C041-41DA-AF44-902A19659C0A}.Release|x86.Build.0 = Release|Win32
		{B24F7281-397A-4DBD-8083-D858592E6D24}.Debug|x64.ActiveCfg = Debug|x64
		{B24F7281-397A-4DBD-8083-D858592E6D24}.Debug|x64.Build.0 = Debug|x64
		{B24F7281-397A-4DBD-8083-D858592E6D24}.Debug|x86.ActiveCfg = Debug|Win32
		{B24F7281-397A-4DBD-8083-D858592E6D24}.Debug|x86.Build.0 = Debug|Win32
		{B24F7281-397A-4DBD-8083-D858592E6D24}.Release|x64.ActiveCfg = Release|x64
		{B24F7281-397A-4DBD-8083-D858592E6D24}.Release|x64.Build.0 = Release|x64
		{B24F7281-397A-4DBD-8083-D858592E6D24}.Release|x86.ActiveCfg = Release|Win32
		{B24F7281-397A-4DBD-8083-D858592E6D24}.Release|x86.Build.0 = Release|Win32
		{05C6B087-F37D-4A5A-8739-8C01654D0ED8}.Debug|x64.ActiveCfg = Debug|x64
		{05C6B087-F37D-4A5A-8739-8C01654D0ED8}.Debug|x64.Build.0 = Debug|x64
		{05C6B087-F37D-4A5A-8739-8C01654D0ED8}.Debug|x86.ActiveCfg = Debug|Win32
		{05C6B087-F37D-4A5A-8739-8C01654D0ED8}.Debug|x86.Build.0 = Debug|Win32
		{05C6B087-F37D-4A5A-8739-8C01654D0ED8}.Release|x64.ActiveCfg = Release|x64
		{05C6B087-F37D-4A5A-8739-8C01654D0ED8}.Release|x64.Build.0 = Release|x64
		{05C6B087-F37D-4A5A-8739-8C01654D0ED8}.Release|x86.ActiveCfg = Release|Win32
		{05C6B087-F37D-4A5A-8739-8C01654D0ED8}.Release|x86.Build.0 = Release|Win32
	EndGlobalSection
	GlobalSection(SolutionProperties) = preSolution
		HideSolutionNode = FALSE
	EndGlobalSection
EndGlobal
